
Microsoft Visual Studio Solution File, Format Version 12.00
# Visual Studio Version 17
VisualStudioVersion = 17.6.33815.320
MinimumVisualStudioVersion = 10.0.40219.1
Project("{9A19103F-16F7-4668-BE54-9A1E7A4F7556}") = "POO", "POO\POO.csproj", "{221779F5-3B7C-44FC-B333-3C37198D36B9}"
EndProject
Project("{9A19103F-16F7-4668-BE54-9A1E7A4F7556}") = "POO_Heranca", "POO_Heranca\POO_Heranca.csproj", "{D8CF02BA-BD7B-4AA6-A009-6B42AA9CCEC6}"
EndProject
Project("{9A19103F-16F7-4668-BE54-9A1E7A4F7556}") = "POO_Heranca_Construtores", "POO_Heranca_Construtores\POO_Heranca_Construtores.csproj", "{F5C66750-78FF-4AA5-93EA-3D3EF6F5218E}"
EndProject
Project("{9A19103F-16F7-4668-BE54-9A1E7A4F7556}") = "POO_Heranca_e_Object", "POO_Heranca_e_Object\POO_Heranca_e_Object.csproj", "{73B4E3C8-8917-4365-A373-BF04A6BCB75E}"
EndProject
Project("{9A19103F-16F7-4668-BE54-9A1E7A4F7556}") = "POO_Heranca_e_New", "POO_Heranca_e_New\POO_Heranca_e_New.csproj", "{0421CE2E-6E24-4F4E-8568-66A61D7A6BDF}"
EndProject
Project("{9A19103F-16F7-4668-BE54-9A1E7A4F7556}") = "POO_Heranca_Virtual_e_Override", "POO_Heranca_Virtual_e_Override\POO_Heranca_Virtual_e_Override.csproj", "{868CB22E-88C3-452B-B38E-EE61C1BA1E8D}"
EndProject
Project("{9A19103F-16F7-4668-BE54-9A1E7A4F7556}") = "POO_Modificador_Sealed", "POO_Modificador_Sealed\POO_Modificador_Sealed.csproj", "{731093E5-EB58-4DF2-9893-AAF2353D938D}"
EndProject
Project("{9A19103F-16F7-4668-BE54-9A1E7A4F7556}") = "POO_Heranca_Exercicio", "POO_Heranca_Exercicio\POO_Heranca_Exercicio.csproj", "{0FCF4D89-1907-40CE-A3D1-8A9999649914}"
EndProject
Project("{9A19103F-16F7-4668-BE54-9A1E7A4F7556}") = "POO_Heranca_Tipos_de_Heranca", "POO_Heranca_Tipos_de_Heranca\POO_Heranca_Tipos_de_Heranca.csproj", "{055BC54C-D560-4A2F-A875-58A678404FBC}"
EndProject
Project("{9A19103F-16F7-4668-BE54-9A1E7A4F7556}") = "POO_Heranca_Downcasting_e_Upcasting", "POO_Heranca_Downcasting_e_Upcasting\POO_Heranca_Downcasting_e_Upcasting.csproj", "{22909FF4-0D89-4F56-9829-F8E18DC9D25D}"
EndProject
Project("{9A19103F-16F7-4668-BE54-9A1E7A4F7556}") = "POO_Operadores_Is_e_As", "POO_Operadores_Is_e_As\POO_Operadores_Is_e_As.csproj", "{A92A442F-44A0-4B73-BFB3-2BDE7DC43F1F}"
EndProject
Project("{FAE04EC0-301F-11D3-BF4B-00C04F79EFBC}") = "POO_Classe_Abstrata_01", "POO_Classe_Abstrata_01\POO_Classe_Abstrata_01.csproj", "{F4B4ACD2-E6CB-4438-8B02-6BB12E78CAA8}"
EndProject
Project("{FAE04EC0-301F-11D3-BF4B-00C04F79EFBC}") = "POO_Interfaces", "POO_Interfaces\POO_Interfaces.csproj", "{FF6EE4AB-291A-49AC-AA58-360D4EE6ED8F}"
EndProject
Project("{FAE04EC0-301F-11D3-BF4B-00C04F79EFBC}") = "POO_Interfaces_Exercicio", "POO_Interfaces_Exercicio\POO_Interfaces_Exercicio.csproj", "{C8CDCB7F-3228-44C0-99B0-B51D49C873FA}"
EndProject
Project("{FAE04EC0-301F-11D3-BF4B-00C04F79EFBC}") = "POO_Agregacao", "POO_Agregacao\POO_Agregacao.csproj", "{ED870907-7003-4632-A695-917B5676E509}"
EndProject
Project("{FAE04EC0-301F-11D3-BF4B-00C04F79EFBC}") = "POO_Heranca_Composicao_Exemplo", "POO_Heranca_Composicao_Exemplo\POO_Heranca_Composicao_Exemplo.csproj", "{33C2002E-B1B8-465A-9ADE-D172E1FDB3C6}"
EndProject
Global
	GlobalSection(SolutionConfigurationPlatforms) = preSolution
		Debug|Any CPU = Debug|Any CPU
		Release|Any CPU = Release|Any CPU
	EndGlobalSection
	GlobalSection(ProjectConfigurationPlatforms) = postSolution
		{221779F5-3B7C-44FC-B333-3C37198D36B9}.Debug|Any CPU.ActiveCfg = Debug|Any CPU
		{221779F5-3B7C-44FC-B333-3C37198D36B9}.Debug|Any CPU.Build.0 = Debug|Any CPU
		{221779F5-3B7C-44FC-B333-3C37198D36B9}.Release|Any CPU.ActiveCfg = Release|Any CPU
		{221779F5-3B7C-44FC-B333-3C37198D36B9}.Release|Any CPU.Build.0 = Release|Any CPU
		{D8CF02BA-BD7B-4AA6-A009-6B42AA9CCEC6}.Debug|Any CPU.ActiveCfg = Debug|Any CPU
		{D8CF02BA-BD7B-4AA6-A009-6B42AA9CCEC6}.Debug|Any CPU.Build.0 = Debug|Any CPU
		{D8CF02BA-BD7B-4AA6-A009-6B42AA9CCEC6}.Release|Any CPU.ActiveCfg = Release|Any CPU
		{D8CF02BA-BD7B-4AA6-A009-6B42AA9CCEC6}.Release|Any CPU.Build.0 = Release|Any CPU
		{F5C66750-78FF-4AA5-93EA-3D3EF6F5218E}.Debug|Any CPU.ActiveCfg = Debug|Any CPU
		{F5C66750-78FF-4AA5-93EA-3D3EF6F5218E}.Debug|Any CPU.Build.0 = Debug|Any CPU
		{F5C66750-78FF-4AA5-93EA-3D3EF6F5218E}.Release|Any CPU.ActiveCfg = Release|Any CPU
		{F5C66750-78FF-4AA5-93EA-3D3EF6F5218E}.Release|Any CPU.Build.0 = Release|Any CPU
		{73B4E3C8-8917-4365-A373-BF04A6BCB75E}.Debug|Any CPU.ActiveCfg = Debug|Any CPU
		{73B4E3C8-8917-4365-A373-BF04A6BCB75E}.Debug|Any CPU.Build.0 = Debug|Any CPU
		{73B4E3C8-8917-4365-A373-BF04A6BCB75E}.Release|Any CPU.ActiveCfg = Release|Any CPU
		{73B4E3C8-8917-4365-A373-BF04A6BCB75E}.Release|Any CPU.Build.0 = Release|Any CPU
		{0421CE2E-6E24-4F4E-8568-66A61D7A6BDF}.Debug|Any CPU.ActiveCfg = Debug|Any CPU
		{0421CE2E-6E24-4F4E-8568-66A61D7A6BDF}.Debug|Any CPU.Build.0 = Debug|Any CPU
		{0421CE2E-6E24-4F4E-8568-66A61D7A6BDF}.Release|Any CPU.ActiveCfg = Release|Any CPU
		{0421CE2E-6E24-4F4E-8568-66A61D7A6BDF}.Release|Any CPU.Build.0 = Release|Any CPU
		{868CB22E-88C3-452B-B38E-EE61C1BA1E8D}.Debug|Any CPU.ActiveCfg = Debug|Any CPU
		{868CB22E-88C3-452B-B38E-EE61C1BA1E8D}.Debug|Any CPU.Build.0 = Debug|Any CPU
		{868CB22E-88C3-452B-B38E-EE61C1BA1E8D}.Release|Any CPU.ActiveCfg = Release|Any CPU
		{868CB22E-88C3-452B-B38E-EE61C1BA1E8D}.Release|Any CPU.Build.0 = Release|Any CPU
		{731093E5-EB58-4DF2-9893-AAF2353D938D}.Debug|Any CPU.ActiveCfg = Debug|Any CPU
		{731093E5-EB58-4DF2-9893-AAF2353D938D}.Debug|Any CPU.Build.0 = Debug|Any CPU
		{731093E5-EB58-4DF2-9893-AAF2353D938D}.Release|Any CPU.ActiveCfg = Release|Any CPU
		{731093E5-EB58-4DF2-9893-AAF2353D938D}.Release|Any CPU.Build.0 = Release|Any CPU
		{0FCF4D89-1907-40CE-A3D1-8A9999649914}.Debug|Any CPU.ActiveCfg = Debug|Any CPU
		{0FCF4D89-1907-40CE-A3D1-8A9999649914}.Debug|Any CPU.Build.0 = Debug|Any CPU
		{0FCF4D89-1907-40CE-A3D1-8A9999649914}.Release|Any CPU.ActiveCfg = Release|Any CPU
		{0FCF4D89-1907-40CE-A3D1-8A9999649914}.Release|Any CPU.Build.0 = Release|Any CPU
		{055BC54C-D560-4A2F-A875-58A678404FBC}.Debug|Any CPU.ActiveCfg = Debug|Any CPU
		{055BC54C-D560-4A2F-A875-58A678404FBC}.Debug|Any CPU.Build.0 = Debug|Any CPU
		{055BC54C-D560-4A2F-A875-58A678404FBC}.Release|Any CPU.ActiveCfg = Release|Any CPU
		{055BC54C-D560-4A2F-A875-58A678404FBC}.Release|Any CPU.Build.0 = Release|Any CPU
		{22909FF4-0D89-4F56-9829-F8E18DC9D25D}.Debug|Any CPU.ActiveCfg = Debug|Any CPU
		{22909FF4-0D89-4F56-9829-F8E18DC9D25D}.Debug|Any CPU.Build.0 = Debug|Any CPU
		{22909FF4-0D89-4F56-9829-F8E18DC9D25D}.Release|Any CPU.ActiveCfg = Release|Any CPU
		{22909FF4-0D89-4F56-9829-F8E18DC9D25D}.Release|Any CPU.Build.0 = Release|Any CPU
		{A92A442F-44A0-4B73-BFB3-2BDE7DC43F1F}.Debug|Any CPU.ActiveCfg = Debug|Any CPU
		{A92A442F-44A0-4B73-BFB3-2BDE7DC43F1F}.Debug|Any CPU.Build.0 = Debug|Any CPU
		{A92A442F-44A0-4B73-BFB3-2BDE7DC43F1F}.Release|Any CPU.ActiveCfg = Release|Any CPU
		{A92A442F-44A0-4B73-BFB3-2BDE7DC43F1F}.Release|Any CPU.Build.0 = Release|Any CPU
		{F4B4ACD2-E6CB-4438-8B02-6BB12E78CAA8}.Debug|Any CPU.ActiveCfg = Debug|Any CPU
		{F4B4ACD2-E6CB-4438-8B02-6BB12E78CAA8}.Debug|Any CPU.Build.0 = Debug|Any CPU
		{F4B4ACD2-E6CB-4438-8B02-6BB12E78CAA8}.Release|Any CPU.ActiveCfg = Release|Any CPU
		{F4B4ACD2-E6CB-4438-8B02-6BB12E78CAA8}.Release|Any CPU.Build.0 = Release|Any CPU
		{FF6EE4AB-291A-49AC-AA58-360D4EE6ED8F}.Debug|Any CPU.ActiveCfg = Debug|Any CPU
		{FF6EE4AB-291A-49AC-AA58-360D4EE6ED8F}.Debug|Any CPU.Build.0 = Debug|Any CPU
		{FF6EE4AB-291A-49AC-AA58-360D4EE6ED8F}.Release|Any CPU.ActiveCfg = Release|Any CPU
		{FF6EE4AB-291A-49AC-AA58-360D4EE6ED8F}.Release|Any CPU.Build.0 = Release|Any CPU
		{C8CDCB7F-3228-44C0-99B0-B51D49C873FA}.Debug|Any CPU.ActiveCfg = Debug|Any CPU
		{C8CDCB7F-3228-44C0-99B0-B51D49C873FA}.Debug|Any CPU.Build.0 = Debug|Any CPU
		{C8CDCB7F-3228-44C0-99B0-B51D49C873FA}.Release|Any CPU.ActiveCfg = Release|Any CPU
		{C8CDCB7F-3228-44C0-99B0-B51D49C873FA}.Release|Any CPU.Build.0 = Release|Any CPU
		{ED870907-7003-4632-A695-917B5676E509}.Debug|Any CPU.ActiveCfg = Debug|Any CPU
		{ED870907-7003-4632-A695-917B5676E509}.Debug|Any CPU.Build.0 = Debug|Any CPU
		{ED870907-7003-4632-A695-917B5676E509}.Release|Any CPU.ActiveCfg = Release|Any CPU
		{ED870907-7003-4632-A695-917B5676E509}.Release|Any CPU.Build.0 = Release|Any CPU
		{33C2002E-B1B8-465A-9ADE-D172E1FDB3C6}.Debug|Any CPU.ActiveCfg = Debug|Any CPU
		{33C2002E-B1B8-465A-9ADE-D172E1FDB3C6}.Debug|Any CPU.Build.0 = Debug|Any CPU
		{33C2002E-B1B8-465A-9ADE-D172E1FDB3C6}.Release|Any CPU.ActiveCfg = Release|Any CPU
		{33C2002E-B1B8-465A-9ADE-D172E1FDB3C6}.Release|Any CPU.Build.0 = Release|Any CPU
	EndGlobalSection
	GlobalSection(SolutionProperties) = preSolution
		HideSolutionNode = FALSE
	EndGlobalSection
	GlobalSection(ExtensibilityGlobals) = postSolution
		SolutionGuid = {05EA5BA7-BCAE-4465-8906-90ADE5AFE93F}
	EndGlobalSection
EndGlobal
