
Microsoft Visual Studio Solution File, Format Version 12.00
# Visual Studio Version 17
VisualStudioVersion = 17.6.33815.320
MinimumVisualStudioVersion = 10.0.40219.1
Project("{FAE04EC0-301F-11D3-BF4B-00C04F79EFBC}") = "POO", "POO\POO.csproj", "{221779F5-3B7C-44FC-B333-3C37198D36B9}"
EndProject
Project("{FAE04EC0-301F-11D3-BF4B-00C04F79EFBC}") = "POO_Heranca", "POO_Heranca\POO_Heranca.csproj", "{D8CF02BA-BD7B-4AA6-A009-6B42AA9CCEC6}"
EndProject
Global
	GlobalSection(SolutionConfigurationPlatforms) = preSolution
		Debug|Any CPU = Debug|Any CPU
		Release|Any CPU = Release|Any CPU
	EndGlobalSection
	GlobalSection(ProjectConfigurationPlatforms) = postSolution
		{221779F5-3B7C-44FC-B333-3C37198D36B9}.Debug|Any CPU.ActiveCfg = Debug|Any CPU
		{221779F5-3B7C-44FC-B333-3C37198D36B9}.Debug|Any CPU.Build.0 = Debug|Any CPU
		{221779F5-3B7C-44FC-B333-3C37198D36B9}.Release|Any CPU.ActiveCfg = Release|Any CPU
		{221779F5-3B7C-44FC-B333-3C37198D36B9}.Release|Any CPU.Build.0 = Release|Any CPU
		{D8CF02BA-BD7B-4AA6-A009-6B42AA9CCEC6}.Debug|Any CPU.ActiveCfg = Debug|Any CPU
		{D8CF02BA-BD7B-4AA6-A009-6B42AA9CCEC6}.Debug|Any CPU.Build.0 = Debug|Any CPU
		{D8CF02BA-BD7B-4AA6-A009-6B42AA9CCEC6}.Release|Any CPU.ActiveCfg = Release|Any CPU
		{D8CF02BA-BD7B-4AA6-A009-6B42AA9CCEC6}.Release|Any CPU.Build.0 = Release|Any CPU
	EndGlobalSection
	GlobalSection(SolutionProperties) = preSolution
		HideSolutionNode = FALSE
	EndGlobalSection
	GlobalSection(ExtensibilityGlobals) = postSolution
		SolutionGuid = {05EA5BA7-BCAE-4465-8906-90ADE5AFE93F}
	EndGlobalSection
EndGlobal
