
Microsoft Visual Studio Solution File, Format Version 12.00
# Visual Studio Version 17
VisualStudioVersion = 17.6.33723.286
MinimumVisualStudioVersion = 10.0.40219.1
Project("{FAE04EC0-301F-11D3-BF4B-00C04F79EFBC}") = "TipoDeDados1", "TipoDeDados1\TipoDeDados1.csproj", "{F5CEDEAB-6618-43CA-8DE3-E793B0E3ED10}"
EndProject
Project("{FAE04EC0-301F-11D3-BF4B-00C04F79EFBC}") = "TipoDeDados2", "TipoDeDados2\TipoDeDados2.csproj", "{5D13CC50-B30C-4339-AC63-BA1067C1A3A9}"
EndProject
Project("{FAE04EC0-301F-11D3-BF4B-00C04F79EFBC}") = "TiposDeDados3", "TiposDeDados3\TiposDeDados3.csproj", "{EA822F50-C8B1-48FB-9039-696B99DFDB84}"
EndProject
Project("{FAE04EC0-301F-11D3-BF4B-00C04F79EFBC}") = "TiposDeDados4", "TiposDeDados4\TiposDeDados4.csproj", "{555F884E-87B6-45F7-9170-92376E82A672}"
EndProject
Project("{FAE04EC0-301F-11D3-BF4B-00C04F79EFBC}") = "TiposDeDados5", "TiposDeDados5\TiposDeDados5.csproj", "{7EC41A36-C39B-463D-84A9-C2874B48364C}"
EndProject
Project("{FAE04EC0-301F-11D3-BF4B-00C04F79EFBC}") = "NullableTypes1", "TiposDeDados6\NullableTypes1.csproj", "{1234467B-CAE3-4EFD-85AA-34A3D36C7A1D}"
EndProject
Project("{FAE04EC0-301F-11D3-BF4B-00C04F79EFBC}") = "Exercicio01", "Exercicio01\Exercicio01.csproj", "{88269947-77D8-4610-86D4-28AE886F7D38}"
EndProject
Project("{FAE04EC0-301F-11D3-BF4B-00C04F79EFBC}") = "SaídaDeDados01", "SaídaDeDados01\SaídaDeDados01.csproj", "{E935FA3C-A04F-44E2-8630-B172846C1A59}"
EndProject
Project("{FAE04EC0-301F-11D3-BF4B-00C04F79EFBC}") = "SaidaDeDados02", "SaidaDeDados02\SaidaDeDados02.csproj", "{ECBBE9F0-E39F-4F72-A5A9-4C8D657F33AA}"
EndProject
Global
	GlobalSection(SolutionConfigurationPlatforms) = preSolution
		Debug|Any CPU = Debug|Any CPU
		Release|Any CPU = Release|Any CPU
	EndGlobalSection
	GlobalSection(ProjectConfigurationPlatforms) = postSolution
		{F5CEDEAB-6618-43CA-8DE3-E793B0E3ED10}.Debug|Any CPU.ActiveCfg = Debug|Any CPU
		{F5CEDEAB-6618-43CA-8DE3-E793B0E3ED10}.Debug|Any CPU.Build.0 = Debug|Any CPU
		{F5CEDEAB-6618-43CA-8DE3-E793B0E3ED10}.Release|Any CPU.ActiveCfg = Release|Any CPU
		{F5CEDEAB-6618-43CA-8DE3-E793B0E3ED10}.Release|Any CPU.Build.0 = Release|Any CPU
		{5D13CC50-B30C-4339-AC63-BA1067C1A3A9}.Debug|Any CPU.ActiveCfg = Debug|Any CPU
		{5D13CC50-B30C-4339-AC63-BA1067C1A3A9}.Debug|Any CPU.Build.0 = Debug|Any CPU
		{5D13CC50-B30C-4339-AC63-BA1067C1A3A9}.Release|Any CPU.ActiveCfg = Release|Any CPU
		{5D13CC50-B30C-4339-AC63-BA1067C1A3A9}.Release|Any CPU.Build.0 = Release|Any CPU
		{EA822F50-C8B1-48FB-9039-696B99DFDB84}.Debug|Any CPU.ActiveCfg = Debug|Any CPU
		{EA822F50-C8B1-48FB-9039-696B99DFDB84}.Debug|Any CPU.Build.0 = Debug|Any CPU
		{EA822F50-C8B1-48FB-9039-696B99DFDB84}.Release|Any CPU.ActiveCfg = Release|Any CPU
		{EA822F50-C8B1-48FB-9039-696B99DFDB84}.Release|Any CPU.Build.0 = Release|Any CPU
		{555F884E-87B6-45F7-9170-92376E82A672}.Debug|Any CPU.ActiveCfg = Debug|Any CPU
		{555F884E-87B6-45F7-9170-92376E82A672}.Debug|Any CPU.Build.0 = Debug|Any CPU
		{555F884E-87B6-45F7-9170-92376E82A672}.Release|Any CPU.ActiveCfg = Release|Any CPU
		{555F884E-87B6-45F7-9170-92376E82A672}.Release|Any CPU.Build.0 = Release|Any CPU
		{7EC41A36-C39B-463D-84A9-C2874B48364C}.Debug|Any CPU.ActiveCfg = Debug|Any CPU
		{7EC41A36-C39B-463D-84A9-C2874B48364C}.Debug|Any CPU.Build.0 = Debug|Any CPU
		{7EC41A36-C39B-463D-84A9-C2874B48364C}.Release|Any CPU.ActiveCfg = Release|Any CPU
		{7EC41A36-C39B-463D-84A9-C2874B48364C}.Release|Any CPU.Build.0 = Release|Any CPU
		{1234467B-CAE3-4EFD-85AA-34A3D36C7A1D}.Debug|Any CPU.ActiveCfg = Debug|Any CPU
		{1234467B-CAE3-4EFD-85AA-34A3D36C7A1D}.Debug|Any CPU.Build.0 = Debug|Any CPU
		{1234467B-CAE3-4EFD-85AA-34A3D36C7A1D}.Release|Any CPU.ActiveCfg = Release|Any CPU
		{1234467B-CAE3-4EFD-85AA-34A3D36C7A1D}.Release|Any CPU.Build.0 = Release|Any CPU
		{88269947-77D8-4610-86D4-28AE886F7D38}.Debug|Any CPU.ActiveCfg = Debug|Any CPU
		{88269947-77D8-4610-86D4-28AE886F7D38}.Debug|Any CPU.Build.0 = Debug|Any CPU
		{88269947-77D8-4610-86D4-28AE886F7D38}.Release|Any CPU.ActiveCfg = Release|Any CPU
		{88269947-77D8-4610-86D4-28AE886F7D38}.Release|Any CPU.Build.0 = Release|Any CPU
		{E935FA3C-A04F-44E2-8630-B172846C1A59}.Debug|Any CPU.ActiveCfg = Debug|Any CPU
		{E935FA3C-A04F-44E2-8630-B172846C1A59}.Debug|Any CPU.Build.0 = Debug|Any CPU
		{E935FA3C-A04F-44E2-8630-B172846C1A59}.Release|Any CPU.ActiveCfg = Release|Any CPU
		{E935FA3C-A04F-44E2-8630-B172846C1A59}.Release|Any CPU.Build.0 = Release|Any CPU
		{ECBBE9F0-E39F-4F72-A5A9-4C8D657F33AA}.Debug|Any CPU.ActiveCfg = Debug|Any CPU
		{ECBBE9F0-E39F-4F72-A5A9-4C8D657F33AA}.Debug|Any CPU.Build.0 = Debug|Any CPU
		{ECBBE9F0-E39F-4F72-A5A9-4C8D657F33AA}.Release|Any CPU.ActiveCfg = Release|Any CPU
		{ECBBE9F0-E39F-4F72-A5A9-4C8D657F33AA}.Release|Any CPU.Build.0 = Release|Any CPU
	EndGlobalSection
	GlobalSection(SolutionProperties) = preSolution
		HideSolutionNode = FALSE
	EndGlobalSection
	GlobalSection(ExtensibilityGlobals) = postSolution
		SolutionGuid = {FDF75096-074B-442F-BBE3-18DC5F1BD974}
	EndGlobalSection
EndGlobal
