
Microsoft Visual Studio Solution File, Format Version 12.00
# Visual Studio Version 17
VisualStudioVersion = 17.6.33723.286
MinimumVisualStudioVersion = 10.0.40219.1
Project("{FAE04EC0-301F-11D3-BF4B-00C04F79EFBC}") = "TipoDeDados1", "TipoDeDados1\TipoDeDados1.csproj", "{F5CEDEAB-6618-43CA-8DE3-E793B0E3ED10}"
EndProject
Global
	GlobalSection(SolutionConfigurationPlatforms) = preSolution
		Debug|Any CPU = Debug|Any CPU
		Release|Any CPU = Release|Any CPU
	EndGlobalSection
	GlobalSection(ProjectConfigurationPlatforms) = postSolution
		{F5CEDEAB-6618-43CA-8DE3-E793B0E3ED10}.Debug|Any CPU.ActiveCfg = Debug|Any CPU
		{F5CEDEAB-6618-43CA-8DE3-E793B0E3ED10}.Debug|Any CPU.Build.0 = Debug|Any CPU
		{F5CEDEAB-6618-43CA-8DE3-E793B0E3ED10}.Release|Any CPU.ActiveCfg = Release|Any CPU
		{F5CEDEAB-6618-43CA-8DE3-E793B0E3ED10}.Release|Any CPU.Build.0 = Release|Any CPU
	EndGlobalSection
	GlobalSection(SolutionProperties) = preSolution
		HideSolutionNode = FALSE
	EndGlobalSection
	GlobalSection(ExtensibilityGlobals) = postSolution
		SolutionGuid = {FDF75096-074B-442F-BBE3-18DC5F1BD974}
	EndGlobalSection
EndGlobal
