
Microsoft Visual Studio Solution File, Format Version 12.00
# Visual Studio Version 17
VisualStudioVersion = 17.6.33815.320
MinimumVisualStudioVersion = 10.0.40219.1
Project("{9A19103F-16F7-4668-BE54-9A1E7A4F7556}") = "Array_ArrayList_List", "Array_ArrayList_List\Array_ArrayList_List.csproj", "{5F62D480-2502-4CE0-88C7-BE3F39DD51B2}"
EndProject
Project("{9A19103F-16F7-4668-BE54-9A1E7A4F7556}") = "Arrays_01", "Arrays_01\Arrays_01.csproj", "{CAAE0966-6883-4FFD-8BE8-5AD1461F4271}"
EndProject
Project("{9A19103F-16F7-4668-BE54-9A1E7A4F7556}") = "Arrays_02_Laço_For", "Arrays_02\Arrays_02_Laço_For.csproj", "{E1CC155F-09C9-4BDD-BCB2-EBA18AC43DBE}"
EndProject
Project("{FAE04EC0-301F-11D3-BF4B-00C04F79EFBC}") = "Arrays_03_ForEach", "Arrays_03_ForEach\Arrays_03_ForEach.csproj", "{3F344598-44E3-48E7-B73F-C960AA0DCDAA}"
EndProject
Project("{FAE04EC0-301F-11D3-BF4B-00C04F79EFBC}") = "Classe_Array", "Classe_Array\Classe_Array.csproj", "{35447363-06D5-4701-8DF6-9264B69741E7}"
EndProject
Project("{FAE04EC0-301F-11D3-BF4B-00C04F79EFBC}") = "Exercício_Arrays", "Exercício_Arrays\Exercício_Arrays.csproj", "{53CA13D2-EF46-4A4D-A831-D1D05B65E041}"
EndProject
Project("{FAE04EC0-301F-11D3-BF4B-00C04F79EFBC}") = "Modificador_Params", "Modificador_Params\Modificador_Params.csproj", "{3FB38579-12A9-4B42-B71F-AF4F6212415B}"
EndProject
Project("{FAE04EC0-301F-11D3-BF4B-00C04F79EFBC}") = "Arrays_Multidimensionais_01", "Arrays_Multidimensionais_01\Arrays_Multidimensionais_01.csproj", "{4232B568-F175-470B-98A4-483108178626}"
EndProject
Project("{FAE04EC0-301F-11D3-BF4B-00C04F79EFBC}") = "Arrays_Multidimensionais_02_For_e_ForEach", "Array_Bidimensional_02_For\Arrays_Multidimensionais_02_For_e_ForEach.csproj", "{84E00A79-BB2B-4162-9ABD-3E18F27BFF3E}"
EndProject
Project("{FAE04EC0-301F-11D3-BF4B-00C04F79EFBC}") = "Arrays_Bidimensionais_Exercicio", "Arrays_Bidimensionais_Exercicio\Arrays_Bidimensionais_Exercicio.csproj", "{F587F4DD-D8C3-4D05-AC22-9C2A8B14D229}"
EndProject
Project("{FAE04EC0-301F-11D3-BF4B-00C04F79EFBC}") = "ArrayList_01", "ArrayList_01\ArrayList_01.csproj", "{ABFFC430-2339-4378-8B05-78CC7F972680}"
EndProject
Global
	GlobalSection(SolutionConfigurationPlatforms) = preSolution
		Debug|Any CPU = Debug|Any CPU
		Release|Any CPU = Release|Any CPU
	EndGlobalSection
	GlobalSection(ProjectConfigurationPlatforms) = postSolution
		{5F62D480-2502-4CE0-88C7-BE3F39DD51B2}.Debug|Any CPU.ActiveCfg = Debug|Any CPU
		{5F62D480-2502-4CE0-88C7-BE3F39DD51B2}.Debug|Any CPU.Build.0 = Debug|Any CPU
		{5F62D480-2502-4CE0-88C7-BE3F39DD51B2}.Release|Any CPU.ActiveCfg = Release|Any CPU
		{5F62D480-2502-4CE0-88C7-BE3F39DD51B2}.Release|Any CPU.Build.0 = Release|Any CPU
		{CAAE0966-6883-4FFD-8BE8-5AD1461F4271}.Debug|Any CPU.ActiveCfg = Debug|Any CPU
		{CAAE0966-6883-4FFD-8BE8-5AD1461F4271}.Debug|Any CPU.Build.0 = Debug|Any CPU
		{CAAE0966-6883-4FFD-8BE8-5AD1461F4271}.Release|Any CPU.ActiveCfg = Release|Any CPU
		{CAAE0966-6883-4FFD-8BE8-5AD1461F4271}.Release|Any CPU.Build.0 = Release|Any CPU
		{E1CC155F-09C9-4BDD-BCB2-EBA18AC43DBE}.Debug|Any CPU.ActiveCfg = Debug|Any CPU
		{E1CC155F-09C9-4BDD-BCB2-EBA18AC43DBE}.Debug|Any CPU.Build.0 = Debug|Any CPU
		{E1CC155F-09C9-4BDD-BCB2-EBA18AC43DBE}.Release|Any CPU.ActiveCfg = Release|Any CPU
		{E1CC155F-09C9-4BDD-BCB2-EBA18AC43DBE}.Release|Any CPU.Build.0 = Release|Any CPU
		{3F344598-44E3-48E7-B73F-C960AA0DCDAA}.Debug|Any CPU.ActiveCfg = Debug|Any CPU
		{3F344598-44E3-48E7-B73F-C960AA0DCDAA}.Debug|Any CPU.Build.0 = Debug|Any CPU
		{3F344598-44E3-48E7-B73F-C960AA0DCDAA}.Release|Any CPU.ActiveCfg = Release|Any CPU
		{3F344598-44E3-48E7-B73F-C960AA0DCDAA}.Release|Any CPU.Build.0 = Release|Any CPU
		{35447363-06D5-4701-8DF6-9264B69741E7}.Debug|Any CPU.ActiveCfg = Debug|Any CPU
		{35447363-06D5-4701-8DF6-9264B69741E7}.Debug|Any CPU.Build.0 = Debug|Any CPU
		{35447363-06D5-4701-8DF6-9264B69741E7}.Release|Any CPU.ActiveCfg = Release|Any CPU
		{35447363-06D5-4701-8DF6-9264B69741E7}.Release|Any CPU.Build.0 = Release|Any CPU
		{53CA13D2-EF46-4A4D-A831-D1D05B65E041}.Debug|Any CPU.ActiveCfg = Debug|Any CPU
		{53CA13D2-EF46-4A4D-A831-D1D05B65E041}.Debug|Any CPU.Build.0 = Debug|Any CPU
		{53CA13D2-EF46-4A4D-A831-D1D05B65E041}.Release|Any CPU.ActiveCfg = Release|Any CPU
		{53CA13D2-EF46-4A4D-A831-D1D05B65E041}.Release|Any CPU.Build.0 = Release|Any CPU
		{3FB38579-12A9-4B42-B71F-AF4F6212415B}.Debug|Any CPU.ActiveCfg = Debug|Any CPU
		{3FB38579-12A9-4B42-B71F-AF4F6212415B}.Debug|Any CPU.Build.0 = Debug|Any CPU
		{3FB38579-12A9-4B42-B71F-AF4F6212415B}.Release|Any CPU.ActiveCfg = Release|Any CPU
		{3FB38579-12A9-4B42-B71F-AF4F6212415B}.Release|Any CPU.Build.0 = Release|Any CPU
		{4232B568-F175-470B-98A4-483108178626}.Debug|Any CPU.ActiveCfg = Debug|Any CPU
		{4232B568-F175-470B-98A4-483108178626}.Debug|Any CPU.Build.0 = Debug|Any CPU
		{4232B568-F175-470B-98A4-483108178626}.Release|Any CPU.ActiveCfg = Release|Any CPU
		{4232B568-F175-470B-98A4-483108178626}.Release|Any CPU.Build.0 = Release|Any CPU
		{84E00A79-BB2B-4162-9ABD-3E18F27BFF3E}.Debug|Any CPU.ActiveCfg = Debug|Any CPU
		{84E00A79-BB2B-4162-9ABD-3E18F27BFF3E}.Debug|Any CPU.Build.0 = Debug|Any CPU
		{84E00A79-BB2B-4162-9ABD-3E18F27BFF3E}.Release|Any CPU.ActiveCfg = Release|Any CPU
		{84E00A79-BB2B-4162-9ABD-3E18F27BFF3E}.Release|Any CPU.Build.0 = Release|Any CPU
		{F587F4DD-D8C3-4D05-AC22-9C2A8B14D229}.Debug|Any CPU.ActiveCfg = Debug|Any CPU
		{F587F4DD-D8C3-4D05-AC22-9C2A8B14D229}.Debug|Any CPU.Build.0 = Debug|Any CPU
		{F587F4DD-D8C3-4D05-AC22-9C2A8B14D229}.Release|Any CPU.ActiveCfg = Release|Any CPU
		{F587F4DD-D8C3-4D05-AC22-9C2A8B14D229}.Release|Any CPU.Build.0 = Release|Any CPU
		{ABFFC430-2339-4378-8B05-78CC7F972680}.Debug|Any CPU.ActiveCfg = Debug|Any CPU
		{ABFFC430-2339-4378-8B05-78CC7F972680}.Debug|Any CPU.Build.0 = Debug|Any CPU
		{ABFFC430-2339-4378-8B05-78CC7F972680}.Release|Any CPU.ActiveCfg = Release|Any CPU
		{ABFFC430-2339-4378-8B05-78CC7F972680}.Release|Any CPU.Build.0 = Release|Any CPU
	EndGlobalSection
	GlobalSection(SolutionProperties) = preSolution
		HideSolutionNode = FALSE
	EndGlobalSection
	GlobalSection(ExtensibilityGlobals) = postSolution
		SolutionGuid = {11E43204-265E-44B6-AD4D-BDA1AF884845}
	EndGlobalSection
EndGlobal
