
Microsoft Visual Studio Solution File, Format Version 12.00
# Visual Studio Version 17
VisualStudioVersion = 17.6.33815.320
MinimumVisualStudioVersion = 10.0.40219.1
Project("{9A19103F-16F7-4668-BE54-9A1E7A4F7556}") = "Generics_01", "Generics_01\Generics_01.csproj", "{B3B7C959-282E-439B-A58A-EA9E57934CF4}"
EndProject
Project("{9A19103F-16F7-4668-BE54-9A1E7A4F7556}") = "Generics_02", "Generics_02\Generics_02.csproj", "{08C92653-F315-45E5-A0FD-427A0F20A541}"
EndProject
Project("{9A19103F-16F7-4668-BE54-9A1E7A4F7556}") = "Generics_03", "Generics_03\Generics_03.csproj", "{77B8C795-FAD7-4C08-AD90-47ECD72CCB47}"
EndProject
Project("{9A19103F-16F7-4668-BE54-9A1E7A4F7556}") = "Generics_Ex", "Generics_Ex\Generics_Ex.csproj", "{7D326828-BB41-43AB-B60C-FBD3F4960D7A}"
EndProject
Project("{9A19103F-16F7-4668-BE54-9A1E7A4F7556}") = "GetHashCode_e_Equals_01", "GetHashCode_e_Equals\GetHashCode_e_Equals_01.csproj", "{470DD801-6B07-46EA-ADD7-CF4287987CE0}"
EndProject
Project("{9A19103F-16F7-4668-BE54-9A1E7A4F7556}") = "GetHashCode_e_Equals_02", "GetHashCode_e_Equals_02\GetHashCode_e_Equals_02.csproj", "{6CB0E872-F780-4B78-BADA-93059D075C29}"
EndProject
Project("{9A19103F-16F7-4668-BE54-9A1E7A4F7556}") = "GetHashCode_e_Equals_Exemplo", "GetHashCode_e_Equals_Exemplo\GetHashCode_e_Equals_Exemplo.csproj", "{91A22418-D573-4C63-ADD2-C6E62E67867A}"
EndProject
Project("{9A19103F-16F7-4668-BE54-9A1E7A4F7556}") = "Coleção_Dictionary_TKey_TValue", "Coleção_Dictionary_TKey_TValue\Coleção_Dictionary_TKey_TValue.csproj", "{96660D12-B654-41FF-BAC4-7ACA3BDF82EB}"
EndProject
Project("{FAE04EC0-301F-11D3-BF4B-00C04F79EFBC}") = "Dictionary_02", "Dictionary_02\Dictionary_02.csproj", "{894854D6-A96F-4347-8893-AFC8A1DE5005}"
EndProject
Global
	GlobalSection(SolutionConfigurationPlatforms) = preSolution
		Debug|Any CPU = Debug|Any CPU
		Release|Any CPU = Release|Any CPU
	EndGlobalSection
	GlobalSection(ProjectConfigurationPlatforms) = postSolution
		{B3B7C959-282E-439B-A58A-EA9E57934CF4}.Debug|Any CPU.ActiveCfg = Debug|Any CPU
		{B3B7C959-282E-439B-A58A-EA9E57934CF4}.Debug|Any CPU.Build.0 = Debug|Any CPU
		{B3B7C959-282E-439B-A58A-EA9E57934CF4}.Release|Any CPU.ActiveCfg = Release|Any CPU
		{B3B7C959-282E-439B-A58A-EA9E57934CF4}.Release|Any CPU.Build.0 = Release|Any CPU
		{08C92653-F315-45E5-A0FD-427A0F20A541}.Debug|Any CPU.ActiveCfg = Debug|Any CPU
		{08C92653-F315-45E5-A0FD-427A0F20A541}.Debug|Any CPU.Build.0 = Debug|Any CPU
		{08C92653-F315-45E5-A0FD-427A0F20A541}.Release|Any CPU.ActiveCfg = Release|Any CPU
		{08C92653-F315-45E5-A0FD-427A0F20A541}.Release|Any CPU.Build.0 = Release|Any CPU
		{77B8C795-FAD7-4C08-AD90-47ECD72CCB47}.Debug|Any CPU.ActiveCfg = Debug|Any CPU
		{77B8C795-FAD7-4C08-AD90-47ECD72CCB47}.Debug|Any CPU.Build.0 = Debug|Any CPU
		{77B8C795-FAD7-4C08-AD90-47ECD72CCB47}.Release|Any CPU.ActiveCfg = Release|Any CPU
		{77B8C795-FAD7-4C08-AD90-47ECD72CCB47}.Release|Any CPU.Build.0 = Release|Any CPU
		{7D326828-BB41-43AB-B60C-FBD3F4960D7A}.Debug|Any CPU.ActiveCfg = Debug|Any CPU
		{7D326828-BB41-43AB-B60C-FBD3F4960D7A}.Debug|Any CPU.Build.0 = Debug|Any CPU
		{7D326828-BB41-43AB-B60C-FBD3F4960D7A}.Release|Any CPU.ActiveCfg = Release|Any CPU
		{7D326828-BB41-43AB-B60C-FBD3F4960D7A}.Release|Any CPU.Build.0 = Release|Any CPU
		{470DD801-6B07-46EA-ADD7-CF4287987CE0}.Debug|Any CPU.ActiveCfg = Debug|Any CPU
		{470DD801-6B07-46EA-ADD7-CF4287987CE0}.Debug|Any CPU.Build.0 = Debug|Any CPU
		{470DD801-6B07-46EA-ADD7-CF4287987CE0}.Release|Any CPU.ActiveCfg = Release|Any CPU
		{470DD801-6B07-46EA-ADD7-CF4287987CE0}.Release|Any CPU.Build.0 = Release|Any CPU
		{6CB0E872-F780-4B78-BADA-93059D075C29}.Debug|Any CPU.ActiveCfg = Debug|Any CPU
		{6CB0E872-F780-4B78-BADA-93059D075C29}.Debug|Any CPU.Build.0 = Debug|Any CPU
		{6CB0E872-F780-4B78-BADA-93059D075C29}.Release|Any CPU.ActiveCfg = Release|Any CPU
		{6CB0E872-F780-4B78-BADA-93059D075C29}.Release|Any CPU.Build.0 = Release|Any CPU
		{91A22418-D573-4C63-ADD2-C6E62E67867A}.Debug|Any CPU.ActiveCfg = Debug|Any CPU
		{91A22418-D573-4C63-ADD2-C6E62E67867A}.Debug|Any CPU.Build.0 = Debug|Any CPU
		{91A22418-D573-4C63-ADD2-C6E62E67867A}.Release|Any CPU.ActiveCfg = Release|Any CPU
		{91A22418-D573-4C63-ADD2-C6E62E67867A}.Release|Any CPU.Build.0 = Release|Any CPU
		{96660D12-B654-41FF-BAC4-7ACA3BDF82EB}.Debug|Any CPU.ActiveCfg = Debug|Any CPU
		{96660D12-B654-41FF-BAC4-7ACA3BDF82EB}.Debug|Any CPU.Build.0 = Debug|Any CPU
		{96660D12-B654-41FF-BAC4-7ACA3BDF82EB}.Release|Any CPU.ActiveCfg = Release|Any CPU
		{96660D12-B654-41FF-BAC4-7ACA3BDF82EB}.Release|Any CPU.Build.0 = Release|Any CPU
		{894854D6-A96F-4347-8893-AFC8A1DE5005}.Debug|Any CPU.ActiveCfg = Debug|Any CPU
		{894854D6-A96F-4347-8893-AFC8A1DE5005}.Debug|Any CPU.Build.0 = Debug|Any CPU
		{894854D6-A96F-4347-8893-AFC8A1DE5005}.Release|Any CPU.ActiveCfg = Release|Any CPU
		{894854D6-A96F-4347-8893-AFC8A1DE5005}.Release|Any CPU.Build.0 = Release|Any CPU
	EndGlobalSection
	GlobalSection(SolutionProperties) = preSolution
		HideSolutionNode = FALSE
	EndGlobalSection
	GlobalSection(ExtensibilityGlobals) = postSolution
		SolutionGuid = {7822E9DD-85C3-46FD-9855-17C6A8B7A5BF}
	EndGlobalSection
EndGlobal
