
Microsoft Visual Studio Solution File, Format Version 12.00
# Visual Studio Version 17
VisualStudioVersion = 17.6.33815.320
MinimumVisualStudioVersion = 10.0.40219.1
Project("{9A19103F-16F7-4668-BE54-9A1E7A4F7556}") = "Generics_01", "Generics_01\Generics_01.csproj", "{B3B7C959-282E-439B-A58A-EA9E57934CF4}"
EndProject
Project("{9A19103F-16F7-4668-BE54-9A1E7A4F7556}") = "Generics_02", "Generics_02\Generics_02.csproj", "{08C92653-F315-45E5-A0FD-427A0F20A541}"
EndProject
Project("{9A19103F-16F7-4668-BE54-9A1E7A4F7556}") = "Generics_03", "Generics_03\Generics_03.csproj", "{77B8C795-FAD7-4C08-AD90-47ECD72CCB47}"
EndProject
Project("{9A19103F-16F7-4668-BE54-9A1E7A4F7556}") = "Generics_Ex", "Generics_Ex\Generics_Ex.csproj", "{7D326828-BB41-43AB-B60C-FBD3F4960D7A}"
EndProject
Project("{9A19103F-16F7-4668-BE54-9A1E7A4F7556}") = "GetHashCode_e_Equals_01", "GetHashCode_e_Equals\GetHashCode_e_Equals_01.csproj", "{470DD801-6B07-46EA-ADD7-CF4287987CE0}"
EndProject
Project("{9A19103F-16F7-4668-BE54-9A1E7A4F7556}") = "GetHashCode_e_Equals_02", "GetHashCode_e_Equals_02\GetHashCode_e_Equals_02.csproj", "{6CB0E872-F780-4B78-BADA-93059D075C29}"
EndProject
Project("{9A19103F-16F7-4668-BE54-9A1E7A4F7556}") = "GetHashCode_e_Equals_Exemplo", "GetHashCode_e_Equals_Exemplo\GetHashCode_e_Equals_Exemplo.csproj", "{91A22418-D573-4C63-ADD2-C6E62E67867A}"
EndProject
Project("{9A19103F-16F7-4668-BE54-9A1E7A4F7556}") = "Coleção_Dictionary_TKey_TValue", "Coleção_Dictionary_TKey_TValue\Coleção_Dictionary_TKey_TValue.csproj", "{96660D12-B654-41FF-BAC4-7ACA3BDF82EB}"
EndProject
Project("{9A19103F-16F7-4668-BE54-9A1E7A4F7556}") = "Dictionary_02", "Dictionary_02\Dictionary_02.csproj", "{894854D6-A96F-4347-8893-AFC8A1DE5005}"
EndProject
Project("{9A19103F-16F7-4668-BE54-9A1E7A4F7556}") = "Dictionary_Exercicio", "Dictionary_Exercicio\Dictionary_Exercicio.csproj", "{5D63560C-3E38-41A8-A4F2-4957C354CFDF}"
EndProject
Project("{9A19103F-16F7-4668-BE54-9A1E7A4F7556}") = "SortedDictionary_TKey_TValue", "SortedDictionary_TKey_TValue\SortedDictionary_TKey_TValue.csproj", "{28374FD8-40FB-43E4-AB79-01EC1A428FD3}"
EndProject
Project("{9A19103F-16F7-4668-BE54-9A1E7A4F7556}") = "SortedDictionary_02", "SortedDictionary_02\SortedDictionary_02.csproj", "{D06C6E34-3353-42F0-92C4-64BDEE59F02F}"
EndProject
Project("{9A19103F-16F7-4668-BE54-9A1E7A4F7556}") = "Colecao_Set", "Colecao_Set\Colecao_Set.csproj", "{D8861409-D0B1-4A06-968C-73AE1D15B43A}"
EndProject
Project("{9A19103F-16F7-4668-BE54-9A1E7A4F7556}") = "Colecao_HashSet_Metodos", "Colecao_HashSet_Metodos\Colecao_HashSet_Metodos.csproj", "{98DFE4FD-4CBE-42A8-9217-98119758090A}"
EndProject
Project("{9A19103F-16F7-4668-BE54-9A1E7A4F7556}") = "Colecao_SortedSet_T", "Colecao_SortedSet_T\Colecao_SortedSet_T.csproj", "{67CF7712-D354-4E90-95C9-0665FFCB96C8}"
EndProject
Project("{9A19103F-16F7-4668-BE54-9A1E7A4F7556}") = "Colecao_Stack_T", "Colecao_Stack_T\Colecao_Stack_T.csproj", "{D73F02AC-9CA2-4F88-97EE-041F58B434B6}"
EndProject
Project("{9A19103F-16F7-4668-BE54-9A1E7A4F7556}") = "Colecao_Stack_T_Exercicio_Undo", "Colecao_Stack_T_Exercicio\Colecao_Stack_T_Exercicio_Undo.csproj", "{AE3C9114-F36E-4B8C-890E-83C6300AEED8}"
EndProject
Project("{9A19103F-16F7-4668-BE54-9A1E7A4F7556}") = "Queue_T", "Queue_T\Queue_T.csproj", "{8E967C74-33B1-497F-BA2B-ABA7712F8CD6}"
EndProject
Project("{9A19103F-16F7-4668-BE54-9A1E7A4F7556}") = "Queue_T_Exemplo", "Queue_T_Exemplo\Queue_T_Exemplo.csproj", "{D6532CD7-E977-4440-9428-C14F2A90D8EE}"
EndProject
Project("{9A19103F-16F7-4668-BE54-9A1E7A4F7556}") = "Read_Only_Collection_T", "Read_Only_Collection_T\Read_Only_Collection_T.csproj", "{BD94D6DB-20D7-4187-BB06-C454A1E44BCD}"
EndProject
Project("{FAE04EC0-301F-11D3-BF4B-00C04F79EFBC}") = "ReadOnlyCollection_T_Exemplo", "ReadOnlyCollection_T_Exemplo\ReadOnlyCollection_T_Exemplo.csproj", "{3502A7F3-4207-4934-AC87-6DB54E2C05A7}"
EndProject
Global
	GlobalSection(SolutionConfigurationPlatforms) = preSolution
		Debug|Any CPU = Debug|Any CPU
		Release|Any CPU = Release|Any CPU
	EndGlobalSection
	GlobalSection(ProjectConfigurationPlatforms) = postSolution
		{B3B7C959-282E-439B-A58A-EA9E57934CF4}.Debug|Any CPU.ActiveCfg = Debug|Any CPU
		{B3B7C959-282E-439B-A58A-EA9E57934CF4}.Debug|Any CPU.Build.0 = Debug|Any CPU
		{B3B7C959-282E-439B-A58A-EA9E57934CF4}.Release|Any CPU.ActiveCfg = Release|Any CPU
		{B3B7C959-282E-439B-A58A-EA9E57934CF4}.Release|Any CPU.Build.0 = Release|Any CPU
		{08C92653-F315-45E5-A0FD-427A0F20A541}.Debug|Any CPU.ActiveCfg = Debug|Any CPU
		{08C92653-F315-45E5-A0FD-427A0F20A541}.Debug|Any CPU.Build.0 = Debug|Any CPU
		{08C92653-F315-45E5-A0FD-427A0F20A541}.Release|Any CPU.ActiveCfg = Release|Any CPU
		{08C92653-F315-45E5-A0FD-427A0F20A541}.Release|Any CPU.Build.0 = Release|Any CPU
		{77B8C795-FAD7-4C08-AD90-47ECD72CCB47}.Debug|Any CPU.ActiveCfg = Debug|Any CPU
		{77B8C795-FAD7-4C08-AD90-47ECD72CCB47}.Debug|Any CPU.Build.0 = Debug|Any CPU
		{77B8C795-FAD7-4C08-AD90-47ECD72CCB47}.Release|Any CPU.ActiveCfg = Release|Any CPU
		{77B8C795-FAD7-4C08-AD90-47ECD72CCB47}.Release|Any CPU.Build.0 = Release|Any CPU
		{7D326828-BB41-43AB-B60C-FBD3F4960D7A}.Debug|Any CPU.ActiveCfg = Debug|Any CPU
		{7D326828-BB41-43AB-B60C-FBD3F4960D7A}.Debug|Any CPU.Build.0 = Debug|Any CPU
		{7D326828-BB41-43AB-B60C-FBD3F4960D7A}.Release|Any CPU.ActiveCfg = Release|Any CPU
		{7D326828-BB41-43AB-B60C-FBD3F4960D7A}.Release|Any CPU.Build.0 = Release|Any CPU
		{470DD801-6B07-46EA-ADD7-CF4287987CE0}.Debug|Any CPU.ActiveCfg = Debug|Any CPU
		{470DD801-6B07-46EA-ADD7-CF4287987CE0}.Debug|Any CPU.Build.0 = Debug|Any CPU
		{470DD801-6B07-46EA-ADD7-CF4287987CE0}.Release|Any CPU.ActiveCfg = Release|Any CPU
		{470DD801-6B07-46EA-ADD7-CF4287987CE0}.Release|Any CPU.Build.0 = Release|Any CPU
		{6CB0E872-F780-4B78-BADA-93059D075C29}.Debug|Any CPU.ActiveCfg = Debug|Any CPU
		{6CB0E872-F780-4B78-BADA-93059D075C29}.Debug|Any CPU.Build.0 = Debug|Any CPU
		{6CB0E872-F780-4B78-BADA-93059D075C29}.Release|Any CPU.ActiveCfg = Release|Any CPU
		{6CB0E872-F780-4B78-BADA-93059D075C29}.Release|Any CPU.Build.0 = Release|Any CPU
		{91A22418-D573-4C63-ADD2-C6E62E67867A}.Debug|Any CPU.ActiveCfg = Debug|Any CPU
		{91A22418-D573-4C63-ADD2-C6E62E67867A}.Debug|Any CPU.Build.0 = Debug|Any CPU
		{91A22418-D573-4C63-ADD2-C6E62E67867A}.Release|Any CPU.ActiveCfg = Release|Any CPU
		{91A22418-D573-4C63-ADD2-C6E62E67867A}.Release|Any CPU.Build.0 = Release|Any CPU
		{96660D12-B654-41FF-BAC4-7ACA3BDF82EB}.Debug|Any CPU.ActiveCfg = Debug|Any CPU
		{96660D12-B654-41FF-BAC4-7ACA3BDF82EB}.Debug|Any CPU.Build.0 = Debug|Any CPU
		{96660D12-B654-41FF-BAC4-7ACA3BDF82EB}.Release|Any CPU.ActiveCfg = Release|Any CPU
		{96660D12-B654-41FF-BAC4-7ACA3BDF82EB}.Release|Any CPU.Build.0 = Release|Any CPU
		{894854D6-A96F-4347-8893-AFC8A1DE5005}.Debug|Any CPU.ActiveCfg = Debug|Any CPU
		{894854D6-A96F-4347-8893-AFC8A1DE5005}.Debug|Any CPU.Build.0 = Debug|Any CPU
		{894854D6-A96F-4347-8893-AFC8A1DE5005}.Release|Any CPU.ActiveCfg = Release|Any CPU
		{894854D6-A96F-4347-8893-AFC8A1DE5005}.Release|Any CPU.Build.0 = Release|Any CPU
		{5D63560C-3E38-41A8-A4F2-4957C354CFDF}.Debug|Any CPU.ActiveCfg = Debug|Any CPU
		{5D63560C-3E38-41A8-A4F2-4957C354CFDF}.Debug|Any CPU.Build.0 = Debug|Any CPU
		{5D63560C-3E38-41A8-A4F2-4957C354CFDF}.Release|Any CPU.ActiveCfg = Release|Any CPU
		{5D63560C-3E38-41A8-A4F2-4957C354CFDF}.Release|Any CPU.Build.0 = Release|Any CPU
		{28374FD8-40FB-43E4-AB79-01EC1A428FD3}.Debug|Any CPU.ActiveCfg = Debug|Any CPU
		{28374FD8-40FB-43E4-AB79-01EC1A428FD3}.Debug|Any CPU.Build.0 = Debug|Any CPU
		{28374FD8-40FB-43E4-AB79-01EC1A428FD3}.Release|Any CPU.ActiveCfg = Release|Any CPU
		{28374FD8-40FB-43E4-AB79-01EC1A428FD3}.Release|Any CPU.Build.0 = Release|Any CPU
		{D06C6E34-3353-42F0-92C4-64BDEE59F02F}.Debug|Any CPU.ActiveCfg = Debug|Any CPU
		{D06C6E34-3353-42F0-92C4-64BDEE59F02F}.Debug|Any CPU.Build.0 = Debug|Any CPU
		{D06C6E34-3353-42F0-92C4-64BDEE59F02F}.Release|Any CPU.ActiveCfg = Release|Any CPU
		{D06C6E34-3353-42F0-92C4-64BDEE59F02F}.Release|Any CPU.Build.0 = Release|Any CPU
		{D8861409-D0B1-4A06-968C-73AE1D15B43A}.Debug|Any CPU.ActiveCfg = Debug|Any CPU
		{D8861409-D0B1-4A06-968C-73AE1D15B43A}.Debug|Any CPU.Build.0 = Debug|Any CPU
		{D8861409-D0B1-4A06-968C-73AE1D15B43A}.Release|Any CPU.ActiveCfg = Release|Any CPU
		{D8861409-D0B1-4A06-968C-73AE1D15B43A}.Release|Any CPU.Build.0 = Release|Any CPU
		{98DFE4FD-4CBE-42A8-9217-98119758090A}.Debug|Any CPU.ActiveCfg = Debug|Any CPU
		{98DFE4FD-4CBE-42A8-9217-98119758090A}.Debug|Any CPU.Build.0 = Debug|Any CPU
		{98DFE4FD-4CBE-42A8-9217-98119758090A}.Release|Any CPU.ActiveCfg = Release|Any CPU
		{98DFE4FD-4CBE-42A8-9217-98119758090A}.Release|Any CPU.Build.0 = Release|Any CPU
		{67CF7712-D354-4E90-95C9-0665FFCB96C8}.Debug|Any CPU.ActiveCfg = Debug|Any CPU
		{67CF7712-D354-4E90-95C9-0665FFCB96C8}.Debug|Any CPU.Build.0 = Debug|Any CPU
		{67CF7712-D354-4E90-95C9-0665FFCB96C8}.Release|Any CPU.ActiveCfg = Release|Any CPU
		{67CF7712-D354-4E90-95C9-0665FFCB96C8}.Release|Any CPU.Build.0 = Release|Any CPU
		{D73F02AC-9CA2-4F88-97EE-041F58B434B6}.Debug|Any CPU.ActiveCfg = Debug|Any CPU
		{D73F02AC-9CA2-4F88-97EE-041F58B434B6}.Debug|Any CPU.Build.0 = Debug|Any CPU
		{D73F02AC-9CA2-4F88-97EE-041F58B434B6}.Release|Any CPU.ActiveCfg = Release|Any CPU
		{D73F02AC-9CA2-4F88-97EE-041F58B434B6}.Release|Any CPU.Build.0 = Release|Any CPU
		{AE3C9114-F36E-4B8C-890E-83C6300AEED8}.Debug|Any CPU.ActiveCfg = Debug|Any CPU
		{AE3C9114-F36E-4B8C-890E-83C6300AEED8}.Debug|Any CPU.Build.0 = Debug|Any CPU
		{AE3C9114-F36E-4B8C-890E-83C6300AEED8}.Release|Any CPU.ActiveCfg = Release|Any CPU
		{AE3C9114-F36E-4B8C-890E-83C6300AEED8}.Release|Any CPU.Build.0 = Release|Any CPU
		{8E967C74-33B1-497F-BA2B-ABA7712F8CD6}.Debug|Any CPU.ActiveCfg = Debug|Any CPU
		{8E967C74-33B1-497F-BA2B-ABA7712F8CD6}.Debug|Any CPU.Build.0 = Debug|Any CPU
		{8E967C74-33B1-497F-BA2B-ABA7712F8CD6}.Release|Any CPU.ActiveCfg = Release|Any CPU
		{8E967C74-33B1-497F-BA2B-ABA7712F8CD6}.Release|Any CPU.Build.0 = Release|Any CPU
		{D6532CD7-E977-4440-9428-C14F2A90D8EE}.Debug|Any CPU.ActiveCfg = Debug|Any CPU
		{D6532CD7-E977-4440-9428-C14F2A90D8EE}.Debug|Any CPU.Build.0 = Debug|Any CPU
		{D6532CD7-E977-4440-9428-C14F2A90D8EE}.Release|Any CPU.ActiveCfg = Release|Any CPU
		{D6532CD7-E977-4440-9428-C14F2A90D8EE}.Release|Any CPU.Build.0 = Release|Any CPU
		{BD94D6DB-20D7-4187-BB06-C454A1E44BCD}.Debug|Any CPU.ActiveCfg = Debug|Any CPU
		{BD94D6DB-20D7-4187-BB06-C454A1E44BCD}.Debug|Any CPU.Build.0 = Debug|Any CPU
		{BD94D6DB-20D7-4187-BB06-C454A1E44BCD}.Release|Any CPU.ActiveCfg = Release|Any CPU
		{BD94D6DB-20D7-4187-BB06-C454A1E44BCD}.Release|Any CPU.Build.0 = Release|Any CPU
		{3502A7F3-4207-4934-AC87-6DB54E2C05A7}.Debug|Any CPU.ActiveCfg = Debug|Any CPU
		{3502A7F3-4207-4934-AC87-6DB54E2C05A7}.Debug|Any CPU.Build.0 = Debug|Any CPU
		{3502A7F3-4207-4934-AC87-6DB54E2C05A7}.Release|Any CPU.ActiveCfg = Release|Any CPU
		{3502A7F3-4207-4934-AC87-6DB54E2C05A7}.Release|Any CPU.Build.0 = Release|Any CPU
	EndGlobalSection
	GlobalSection(SolutionProperties) = preSolution
		HideSolutionNode = FALSE
	EndGlobalSection
	GlobalSection(ExtensibilityGlobals) = postSolution
		SolutionGuid = {7822E9DD-85C3-46FD-9855-17C6A8B7A5BF}
	EndGlobalSection
EndGlobal
