
Microsoft Visual Studio Solution File, Format Version 12.00
# Visual Studio Version 17
VisualStudioVersion = 17.6.33723.286
MinimumVisualStudioVersion = 10.0.40219.1
Project("{9A19103F-16F7-4668-BE54-9A1E7A4F7556}") = "Classe_E_Objeto", "Classe_E_Objeto\Classe_E_Objeto.csproj", "{5078116A-5014-4355-9AE0-64895BD8E6FD}"
EndProject
Project("{9A19103F-16F7-4668-BE54-9A1E7A4F7556}") = "Alocacao_de_Memoria", "Alocacao_de_Memoria\Alocacao_de_Memoria.csproj", "{C2741A2A-8D24-41B7-A7A3-B6E8D5C58F92}"
EndProject
Project("{9A19103F-16F7-4668-BE54-9A1E7A4F7556}") = "Objeto", "Objeto\Objeto.csproj", "{C800B18F-408A-43EC-93A4-7B54A150E4FF}"
EndProject
Project("{9A19103F-16F7-4668-BE54-9A1E7A4F7556}") = "Metodos", "Metodos\Metodos.csproj", "{9E4C4E6C-1E28-41B3-AA6D-27EA88DC6BDC}"
EndProject
Project("{9A19103F-16F7-4668-BE54-9A1E7A4F7556}") = "Metodos_Com_Parametros", "Metodos_Com_Parametros\Metodos_Com_Parametros.csproj", "{AE062B64-A305-4977-A1DA-1ABEC9EEE9FD}"
EndProject
Project("{9A19103F-16F7-4668-BE54-9A1E7A4F7556}") = "Passando_Parametros", "Passando_Parametros\Passando_Parametros.csproj", "{FB1274DF-A0DC-4DF3-9311-CDE3BA4F9FDD}"
EndProject
Project("{9A19103F-16F7-4668-BE54-9A1E7A4F7556}") = "Construtor_01", "Construtores\Construtor_01.csproj", "{81CCD2ED-350B-4904-89ED-7160BE5F12A7}"
EndProject
Project("{9A19103F-16F7-4668-BE54-9A1E7A4F7556}") = "Construtor_02", "Construtor_02\Construtor_02.csproj", "{364A7CED-C638-47B6-9CD9-BBA8CD2C4199}"
EndProject
Project("{9A19103F-16F7-4668-BE54-9A1E7A4F7556}") = "Palavra_this_01", "Palavra_this\Palavra_this_01.csproj", "{D83D7288-A873-480E-8173-219A350C2E0F}"
EndProject
Project("{9A19103F-16F7-4668-BE54-9A1E7A4F7556}") = "Palavra_this_02", "Palavra_this_02\Palavra_this_02.csproj", "{2CCE2013-B6E8-4607-BEFB-8F6DC9DA599A}"
EndProject
Project("{9A19103F-16F7-4668-BE54-9A1E7A4F7556}") = "Exercicio_01", "Exercicio_01\Exercicio_01.csproj", "{A1FB6B78-599B-4ACF-9824-A23B2D0550C8}"
EndProject
Project("{9A19103F-16F7-4668-BE54-9A1E7A4F7556}") = "Metodo_com_Return", "Metodo_com_Return\Metodo_com_Return.csproj", "{4C583CCD-D118-487E-8F31-ADA7CCA06350}"
EndProject
Project("{9A19103F-16F7-4668-BE54-9A1E7A4F7556}") = "Exercicio_02", "Exercicio_02\Exercicio_02.csproj", "{ABBECAAB-CBFB-46AB-A27B-5B91CB3734C8}"
EndProject
Project("{9A19103F-16F7-4668-BE54-9A1E7A4F7556}") = "Sobrecarga_de_Metodos", "Sobrecarga_de_Metodos\Sobrecarga_de_Metodos.csproj", "{F2B01DE3-DD1F-4117-809C-6C0A58F671E7}"
EndProject
Project("{9A19103F-16F7-4668-BE54-9A1E7A4F7556}") = "Metodos_Geral", "Metodos_Geral\Metodos_Geral.csproj", "{76300965-0165-47D8-B73D-99C3AA8C6A25}"
EndProject
Project("{9A19103F-16F7-4668-BE54-9A1E7A4F7556}") = "Passagem_de_Argumentos_Valor", "Passagem_de_Argumentos\Passagem_de_Argumentos_Valor.csproj", "{F0391102-B638-4A2D-954D-1EE11C24978B}"
EndProject
Project("{9A19103F-16F7-4668-BE54-9A1E7A4F7556}") = "Passagem_de_Argumentos_Referencia", "Passagem_de_Argumentos_Referencia\Passagem_de_Argumentos_Referencia.csproj", "{883D122B-4D67-40EA-AD8D-A0E0295BEEDB}"
EndProject
Project("{9A19103F-16F7-4668-BE54-9A1E7A4F7556}") = "Exercicio_03", "Exercicio_03\Exercicio_03.csproj", "{7D2A641F-1979-4EFB-93D2-F9A36C551242}"
EndProject
Project("{9A19103F-16F7-4668-BE54-9A1E7A4F7556}") = "Passagem_de_Argumentos_Referencia_Out", "Passagem_de_Argumentos_Referencia_Out\Passagem_de_Argumentos_Referencia_Out.csproj", "{B6D429E2-D6C7-46B2-B929-2EE42438F498}"
EndProject
Project("{9A19103F-16F7-4668-BE54-9A1E7A4F7556}") = "Exercicio_04", "Exercicio_04\Exercicio_04.csproj", "{99B3B981-87C2-467A-903D-4A04FAB06F33}"
EndProject
Project("{9A19103F-16F7-4668-BE54-9A1E7A4F7556}") = "Argumentos Nomeados", "Argumentos Nomeados\Argumentos Nomeados.csproj", "{14DC4282-6D9A-4090-A6BB-9EE8BB4E4255}"
EndProject
Project("{9A19103F-16F7-4668-BE54-9A1E7A4F7556}") = "Parametros_Opcionais", "Parametros_Opcionais\Parametros_Opcionais.csproj", "{9851435A-CC59-4ED1-86CF-2A8CAF4044C1}"
EndProject
Project("{9A19103F-16F7-4668-BE54-9A1E7A4F7556}") = "Exercício_05", "Exercício_05\Exercício_05.csproj", "{2625531F-AA1F-4F06-BC9C-CD5658F93257}"
EndProject
Project("{9A19103F-16F7-4668-BE54-9A1E7A4F7556}") = "Metodos_estaticos", "Metodos_estaticos\Metodos_estaticos.csproj", "{81E2914F-B75D-464D-8BD1-52135FA4BF76}"
EndProject
Project("{9A19103F-16F7-4668-BE54-9A1E7A4F7556}") = "Campos_Estaticos", "Campos_Estaticos\Campos_Estaticos.csproj", "{34C00178-0298-4921-8CCE-0B7DFE200143}"
EndProject
Project("{9A19103F-16F7-4668-BE54-9A1E7A4F7556}") = "Campo_Estatico_Exercicio", "Campo_Estatico_Exercicio\Campo_Estatico_Exercicio.csproj", "{DF7ED4D1-B601-430F-9355-EB12B3B13265}"
EndProject
Project("{9A19103F-16F7-4668-BE54-9A1E7A4F7556}") = "Construtor_Estatico", "Construtor_Estatico\Construtor_Estatico.csproj", "{093F9ED2-F8F6-4DCF-8868-4C36B2DEB34B}"
EndProject
Project("{9A19103F-16F7-4668-BE54-9A1E7A4F7556}") = "Propriedades", "Propriedades\Propriedades.csproj", "{BEB1943A-DDB3-4EFB-B65B-7F7BA5F5CE00}"
EndProject
Project("{FAE04EC0-301F-11D3-BF4B-00C04F79EFBC}") = "Exercicio_07", "Exercicio_07\Exercicio_07.csproj", "{5C6CDCD5-EEF4-459F-8D34-71B704962AFC}"
EndProject
Project("{FAE04EC0-301F-11D3-BF4B-00C04F79EFBC}") = "Struct", "Struct\Struct.csproj", "{9B3F6CF7-8FFA-46DD-8C90-3C71C776D4F0}"
EndProject
Project("{FAE04EC0-301F-11D3-BF4B-00C04F79EFBC}") = "Exercicio_08", "Exercicio_08\Exercicio_08.csproj", "{E18594D6-A436-4553-B611-D53DFF0F98AA}"
EndProject
Project("{FAE04EC0-301F-11D3-BF4B-00C04F79EFBC}") = "Enum", "Enum\Enum.csproj", "{DC87D1BA-C0ED-4E14-9943-B5145C919A30}"
EndProject
Project("{FAE04EC0-301F-11D3-BF4B-00C04F79EFBC}") = "Enum_Exemplos", "Enum_Exemplos\Enum_Exemplos.csproj", "{B9F65F16-FD18-4358-8A42-AE67A0F1565D}"
EndProject
Project("{FAE04EC0-301F-11D3-BF4B-00C04F79EFBC}") = "Exercicio_09", "Exercicio_09\Exercicio_09.csproj", "{05EAB1DD-B5A8-40FC-8FAC-8E0B09D110B9}"
EndProject
Project("{FAE04EC0-301F-11D3-BF4B-00C04F79EFBC}") = "Modificadores_de_Acesso", "Modificadores_de_Acesso\Modificadores_de_Acesso.csproj", "{44896D1E-D824-4C59-9A54-5E1987632F40}"
EndProject
Project("{FAE04EC0-301F-11D3-BF4B-00C04F79EFBC}") = "Exercicio_10", "Exercicio_10\Exercicio_10.csproj", "{BD4B158F-3AC9-4814-B351-B83B7EBD5724}"
EndProject
Project("{FAE04EC0-301F-11D3-BF4B-00C04F79EFBC}") = "Bloco_Try_Catch", "Bloco_Try_Catch\Bloco_Try_Catch.csproj", "{14082344-91D6-4DBF-A8B9-471B9BE13E1F}"
EndProject
Project("{FAE04EC0-301F-11D3-BF4B-00C04F79EFBC}") = "Tipos_Anonimos", "Tipos_Anonimos\Tipos_Anonimos.csproj", "{35C932DE-C1BA-4995-AC01-DE269A119A10}"
EndProject
Project("{FAE04EC0-301F-11D3-BF4B-00C04F79EFBC}") = "Partial_Class", "Partial_Class\Partial_Class.csproj", "{B26504DC-97D4-468D-BABE-98BEC7D43E6A}"
EndProject
Global
	GlobalSection(SolutionConfigurationPlatforms) = preSolution
		Debug|Any CPU = Debug|Any CPU
		Release|Any CPU = Release|Any CPU
	EndGlobalSection
	GlobalSection(ProjectConfigurationPlatforms) = postSolution
		{5078116A-5014-4355-9AE0-64895BD8E6FD}.Debug|Any CPU.ActiveCfg = Debug|Any CPU
		{5078116A-5014-4355-9AE0-64895BD8E6FD}.Debug|Any CPU.Build.0 = Debug|Any CPU
		{5078116A-5014-4355-9AE0-64895BD8E6FD}.Release|Any CPU.ActiveCfg = Release|Any CPU
		{5078116A-5014-4355-9AE0-64895BD8E6FD}.Release|Any CPU.Build.0 = Release|Any CPU
		{C2741A2A-8D24-41B7-A7A3-B6E8D5C58F92}.Debug|Any CPU.ActiveCfg = Debug|Any CPU
		{C2741A2A-8D24-41B7-A7A3-B6E8D5C58F92}.Debug|Any CPU.Build.0 = Debug|Any CPU
		{C2741A2A-8D24-41B7-A7A3-B6E8D5C58F92}.Release|Any CPU.ActiveCfg = Release|Any CPU
		{C2741A2A-8D24-41B7-A7A3-B6E8D5C58F92}.Release|Any CPU.Build.0 = Release|Any CPU
		{C800B18F-408A-43EC-93A4-7B54A150E4FF}.Debug|Any CPU.ActiveCfg = Debug|Any CPU
		{C800B18F-408A-43EC-93A4-7B54A150E4FF}.Debug|Any CPU.Build.0 = Debug|Any CPU
		{C800B18F-408A-43EC-93A4-7B54A150E4FF}.Release|Any CPU.ActiveCfg = Release|Any CPU
		{C800B18F-408A-43EC-93A4-7B54A150E4FF}.Release|Any CPU.Build.0 = Release|Any CPU
		{9E4C4E6C-1E28-41B3-AA6D-27EA88DC6BDC}.Debug|Any CPU.ActiveCfg = Debug|Any CPU
		{9E4C4E6C-1E28-41B3-AA6D-27EA88DC6BDC}.Debug|Any CPU.Build.0 = Debug|Any CPU
		{9E4C4E6C-1E28-41B3-AA6D-27EA88DC6BDC}.Release|Any CPU.ActiveCfg = Release|Any CPU
		{9E4C4E6C-1E28-41B3-AA6D-27EA88DC6BDC}.Release|Any CPU.Build.0 = Release|Any CPU
		{AE062B64-A305-4977-A1DA-1ABEC9EEE9FD}.Debug|Any CPU.ActiveCfg = Debug|Any CPU
		{AE062B64-A305-4977-A1DA-1ABEC9EEE9FD}.Debug|Any CPU.Build.0 = Debug|Any CPU
		{AE062B64-A305-4977-A1DA-1ABEC9EEE9FD}.Release|Any CPU.ActiveCfg = Release|Any CPU
		{AE062B64-A305-4977-A1DA-1ABEC9EEE9FD}.Release|Any CPU.Build.0 = Release|Any CPU
		{FB1274DF-A0DC-4DF3-9311-CDE3BA4F9FDD}.Debug|Any CPU.ActiveCfg = Debug|Any CPU
		{FB1274DF-A0DC-4DF3-9311-CDE3BA4F9FDD}.Debug|Any CPU.Build.0 = Debug|Any CPU
		{FB1274DF-A0DC-4DF3-9311-CDE3BA4F9FDD}.Release|Any CPU.ActiveCfg = Release|Any CPU
		{FB1274DF-A0DC-4DF3-9311-CDE3BA4F9FDD}.Release|Any CPU.Build.0 = Release|Any CPU
		{81CCD2ED-350B-4904-89ED-7160BE5F12A7}.Debug|Any CPU.ActiveCfg = Debug|Any CPU
		{81CCD2ED-350B-4904-89ED-7160BE5F12A7}.Debug|Any CPU.Build.0 = Debug|Any CPU
		{81CCD2ED-350B-4904-89ED-7160BE5F12A7}.Release|Any CPU.ActiveCfg = Release|Any CPU
		{81CCD2ED-350B-4904-89ED-7160BE5F12A7}.Release|Any CPU.Build.0 = Release|Any CPU
		{364A7CED-C638-47B6-9CD9-BBA8CD2C4199}.Debug|Any CPU.ActiveCfg = Debug|Any CPU
		{364A7CED-C638-47B6-9CD9-BBA8CD2C4199}.Debug|Any CPU.Build.0 = Debug|Any CPU
		{364A7CED-C638-47B6-9CD9-BBA8CD2C4199}.Release|Any CPU.ActiveCfg = Release|Any CPU
		{364A7CED-C638-47B6-9CD9-BBA8CD2C4199}.Release|Any CPU.Build.0 = Release|Any CPU
		{D83D7288-A873-480E-8173-219A350C2E0F}.Debug|Any CPU.ActiveCfg = Debug|Any CPU
		{D83D7288-A873-480E-8173-219A350C2E0F}.Debug|Any CPU.Build.0 = Debug|Any CPU
		{D83D7288-A873-480E-8173-219A350C2E0F}.Release|Any CPU.ActiveCfg = Release|Any CPU
		{D83D7288-A873-480E-8173-219A350C2E0F}.Release|Any CPU.Build.0 = Release|Any CPU
		{2CCE2013-B6E8-4607-BEFB-8F6DC9DA599A}.Debug|Any CPU.ActiveCfg = Debug|Any CPU
		{2CCE2013-B6E8-4607-BEFB-8F6DC9DA599A}.Debug|Any CPU.Build.0 = Debug|Any CPU
		{2CCE2013-B6E8-4607-BEFB-8F6DC9DA599A}.Release|Any CPU.ActiveCfg = Release|Any CPU
		{2CCE2013-B6E8-4607-BEFB-8F6DC9DA599A}.Release|Any CPU.Build.0 = Release|Any CPU
		{A1FB6B78-599B-4ACF-9824-A23B2D0550C8}.Debug|Any CPU.ActiveCfg = Debug|Any CPU
		{A1FB6B78-599B-4ACF-9824-A23B2D0550C8}.Debug|Any CPU.Build.0 = Debug|Any CPU
		{A1FB6B78-599B-4ACF-9824-A23B2D0550C8}.Release|Any CPU.ActiveCfg = Release|Any CPU
		{A1FB6B78-599B-4ACF-9824-A23B2D0550C8}.Release|Any CPU.Build.0 = Release|Any CPU
		{4C583CCD-D118-487E-8F31-ADA7CCA06350}.Debug|Any CPU.ActiveCfg = Debug|Any CPU
		{4C583CCD-D118-487E-8F31-ADA7CCA06350}.Debug|Any CPU.Build.0 = Debug|Any CPU
		{4C583CCD-D118-487E-8F31-ADA7CCA06350}.Release|Any CPU.ActiveCfg = Release|Any CPU
		{4C583CCD-D118-487E-8F31-ADA7CCA06350}.Release|Any CPU.Build.0 = Release|Any CPU
		{ABBECAAB-CBFB-46AB-A27B-5B91CB3734C8}.Debug|Any CPU.ActiveCfg = Debug|Any CPU
		{ABBECAAB-CBFB-46AB-A27B-5B91CB3734C8}.Debug|Any CPU.Build.0 = Debug|Any CPU
		{ABBECAAB-CBFB-46AB-A27B-5B91CB3734C8}.Release|Any CPU.ActiveCfg = Release|Any CPU
		{ABBECAAB-CBFB-46AB-A27B-5B91CB3734C8}.Release|Any CPU.Build.0 = Release|Any CPU
		{F2B01DE3-DD1F-4117-809C-6C0A58F671E7}.Debug|Any CPU.ActiveCfg = Debug|Any CPU
		{F2B01DE3-DD1F-4117-809C-6C0A58F671E7}.Debug|Any CPU.Build.0 = Debug|Any CPU
		{F2B01DE3-DD1F-4117-809C-6C0A58F671E7}.Release|Any CPU.ActiveCfg = Release|Any CPU
		{F2B01DE3-DD1F-4117-809C-6C0A58F671E7}.Release|Any CPU.Build.0 = Release|Any CPU
		{76300965-0165-47D8-B73D-99C3AA8C6A25}.Debug|Any CPU.ActiveCfg = Debug|Any CPU
		{76300965-0165-47D8-B73D-99C3AA8C6A25}.Debug|Any CPU.Build.0 = Debug|Any CPU
		{76300965-0165-47D8-B73D-99C3AA8C6A25}.Release|Any CPU.ActiveCfg = Release|Any CPU
		{76300965-0165-47D8-B73D-99C3AA8C6A25}.Release|Any CPU.Build.0 = Release|Any CPU
		{F0391102-B638-4A2D-954D-1EE11C24978B}.Debug|Any CPU.ActiveCfg = Debug|Any CPU
		{F0391102-B638-4A2D-954D-1EE11C24978B}.Debug|Any CPU.Build.0 = Debug|Any CPU
		{F0391102-B638-4A2D-954D-1EE11C24978B}.Release|Any CPU.ActiveCfg = Release|Any CPU
		{F0391102-B638-4A2D-954D-1EE11C24978B}.Release|Any CPU.Build.0 = Release|Any CPU
		{883D122B-4D67-40EA-AD8D-A0E0295BEEDB}.Debug|Any CPU.ActiveCfg = Debug|Any CPU
		{883D122B-4D67-40EA-AD8D-A0E0295BEEDB}.Debug|Any CPU.Build.0 = Debug|Any CPU
		{883D122B-4D67-40EA-AD8D-A0E0295BEEDB}.Release|Any CPU.ActiveCfg = Release|Any CPU
		{883D122B-4D67-40EA-AD8D-A0E0295BEEDB}.Release|Any CPU.Build.0 = Release|Any CPU
		{7D2A641F-1979-4EFB-93D2-F9A36C551242}.Debug|Any CPU.ActiveCfg = Debug|Any CPU
		{7D2A641F-1979-4EFB-93D2-F9A36C551242}.Debug|Any CPU.Build.0 = Debug|Any CPU
		{7D2A641F-1979-4EFB-93D2-F9A36C551242}.Release|Any CPU.ActiveCfg = Release|Any CPU
		{7D2A641F-1979-4EFB-93D2-F9A36C551242}.Release|Any CPU.Build.0 = Release|Any CPU
		{B6D429E2-D6C7-46B2-B929-2EE42438F498}.Debug|Any CPU.ActiveCfg = Debug|Any CPU
		{B6D429E2-D6C7-46B2-B929-2EE42438F498}.Debug|Any CPU.Build.0 = Debug|Any CPU
		{B6D429E2-D6C7-46B2-B929-2EE42438F498}.Release|Any CPU.ActiveCfg = Release|Any CPU
		{B6D429E2-D6C7-46B2-B929-2EE42438F498}.Release|Any CPU.Build.0 = Release|Any CPU
		{99B3B981-87C2-467A-903D-4A04FAB06F33}.Debug|Any CPU.ActiveCfg = Debug|Any CPU
		{99B3B981-87C2-467A-903D-4A04FAB06F33}.Debug|Any CPU.Build.0 = Debug|Any CPU
		{99B3B981-87C2-467A-903D-4A04FAB06F33}.Release|Any CPU.ActiveCfg = Release|Any CPU
		{99B3B981-87C2-467A-903D-4A04FAB06F33}.Release|Any CPU.Build.0 = Release|Any CPU
		{14DC4282-6D9A-4090-A6BB-9EE8BB4E4255}.Debug|Any CPU.ActiveCfg = Debug|Any CPU
		{14DC4282-6D9A-4090-A6BB-9EE8BB4E4255}.Debug|Any CPU.Build.0 = Debug|Any CPU
		{14DC4282-6D9A-4090-A6BB-9EE8BB4E4255}.Release|Any CPU.ActiveCfg = Release|Any CPU
		{14DC4282-6D9A-4090-A6BB-9EE8BB4E4255}.Release|Any CPU.Build.0 = Release|Any CPU
		{9851435A-CC59-4ED1-86CF-2A8CAF4044C1}.Debug|Any CPU.ActiveCfg = Debug|Any CPU
		{9851435A-CC59-4ED1-86CF-2A8CAF4044C1}.Debug|Any CPU.Build.0 = Debug|Any CPU
		{9851435A-CC59-4ED1-86CF-2A8CAF4044C1}.Release|Any CPU.ActiveCfg = Release|Any CPU
		{9851435A-CC59-4ED1-86CF-2A8CAF4044C1}.Release|Any CPU.Build.0 = Release|Any CPU
		{2625531F-AA1F-4F06-BC9C-CD5658F93257}.Debug|Any CPU.ActiveCfg = Debug|Any CPU
		{2625531F-AA1F-4F06-BC9C-CD5658F93257}.Debug|Any CPU.Build.0 = Debug|Any CPU
		{2625531F-AA1F-4F06-BC9C-CD5658F93257}.Release|Any CPU.ActiveCfg = Release|Any CPU
		{2625531F-AA1F-4F06-BC9C-CD5658F93257}.Release|Any CPU.Build.0 = Release|Any CPU
		{81E2914F-B75D-464D-8BD1-52135FA4BF76}.Debug|Any CPU.ActiveCfg = Debug|Any CPU
		{81E2914F-B75D-464D-8BD1-52135FA4BF76}.Debug|Any CPU.Build.0 = Debug|Any CPU
		{81E2914F-B75D-464D-8BD1-52135FA4BF76}.Release|Any CPU.ActiveCfg = Release|Any CPU
		{81E2914F-B75D-464D-8BD1-52135FA4BF76}.Release|Any CPU.Build.0 = Release|Any CPU
		{34C00178-0298-4921-8CCE-0B7DFE200143}.Debug|Any CPU.ActiveCfg = Debug|Any CPU
		{34C00178-0298-4921-8CCE-0B7DFE200143}.Debug|Any CPU.Build.0 = Debug|Any CPU
		{34C00178-0298-4921-8CCE-0B7DFE200143}.Release|Any CPU.ActiveCfg = Release|Any CPU
		{34C00178-0298-4921-8CCE-0B7DFE200143}.Release|Any CPU.Build.0 = Release|Any CPU
		{DF7ED4D1-B601-430F-9355-EB12B3B13265}.Debug|Any CPU.ActiveCfg = Debug|Any CPU
		{DF7ED4D1-B601-430F-9355-EB12B3B13265}.Debug|Any CPU.Build.0 = Debug|Any CPU
		{DF7ED4D1-B601-430F-9355-EB12B3B13265}.Release|Any CPU.ActiveCfg = Release|Any CPU
		{DF7ED4D1-B601-430F-9355-EB12B3B13265}.Release|Any CPU.Build.0 = Release|Any CPU
		{093F9ED2-F8F6-4DCF-8868-4C36B2DEB34B}.Debug|Any CPU.ActiveCfg = Debug|Any CPU
		{093F9ED2-F8F6-4DCF-8868-4C36B2DEB34B}.Debug|Any CPU.Build.0 = Debug|Any CPU
		{093F9ED2-F8F6-4DCF-8868-4C36B2DEB34B}.Release|Any CPU.ActiveCfg = Release|Any CPU
		{093F9ED2-F8F6-4DCF-8868-4C36B2DEB34B}.Release|Any CPU.Build.0 = Release|Any CPU
		{BEB1943A-DDB3-4EFB-B65B-7F7BA5F5CE00}.Debug|Any CPU.ActiveCfg = Debug|Any CPU
		{BEB1943A-DDB3-4EFB-B65B-7F7BA5F5CE00}.Debug|Any CPU.Build.0 = Debug|Any CPU
		{BEB1943A-DDB3-4EFB-B65B-7F7BA5F5CE00}.Release|Any CPU.ActiveCfg = Release|Any CPU
		{BEB1943A-DDB3-4EFB-B65B-7F7BA5F5CE00}.Release|Any CPU.Build.0 = Release|Any CPU
		{5C6CDCD5-EEF4-459F-8D34-71B704962AFC}.Debug|Any CPU.ActiveCfg = Debug|Any CPU
		{5C6CDCD5-EEF4-459F-8D34-71B704962AFC}.Debug|Any CPU.Build.0 = Debug|Any CPU
		{5C6CDCD5-EEF4-459F-8D34-71B704962AFC}.Release|Any CPU.ActiveCfg = Release|Any CPU
		{5C6CDCD5-EEF4-459F-8D34-71B704962AFC}.Release|Any CPU.Build.0 = Release|Any CPU
		{9B3F6CF7-8FFA-46DD-8C90-3C71C776D4F0}.Debug|Any CPU.ActiveCfg = Debug|Any CPU
		{9B3F6CF7-8FFA-46DD-8C90-3C71C776D4F0}.Debug|Any CPU.Build.0 = Debug|Any CPU
		{9B3F6CF7-8FFA-46DD-8C90-3C71C776D4F0}.Release|Any CPU.ActiveCfg = Release|Any CPU
		{9B3F6CF7-8FFA-46DD-8C90-3C71C776D4F0}.Release|Any CPU.Build.0 = Release|Any CPU
		{E18594D6-A436-4553-B611-D53DFF0F98AA}.Debug|Any CPU.ActiveCfg = Debug|Any CPU
		{E18594D6-A436-4553-B611-D53DFF0F98AA}.Debug|Any CPU.Build.0 = Debug|Any CPU
		{E18594D6-A436-4553-B611-D53DFF0F98AA}.Release|Any CPU.ActiveCfg = Release|Any CPU
		{E18594D6-A436-4553-B611-D53DFF0F98AA}.Release|Any CPU.Build.0 = Release|Any CPU
		{DC87D1BA-C0ED-4E14-9943-B5145C919A30}.Debug|Any CPU.ActiveCfg = Debug|Any CPU
		{DC87D1BA-C0ED-4E14-9943-B5145C919A30}.Debug|Any CPU.Build.0 = Debug|Any CPU
		{DC87D1BA-C0ED-4E14-9943-B5145C919A30}.Release|Any CPU.ActiveCfg = Release|Any CPU
		{DC87D1BA-C0ED-4E14-9943-B5145C919A30}.Release|Any CPU.Build.0 = Release|Any CPU
		{B9F65F16-FD18-4358-8A42-AE67A0F1565D}.Debug|Any CPU.ActiveCfg = Debug|Any CPU
		{B9F65F16-FD18-4358-8A42-AE67A0F1565D}.Debug|Any CPU.Build.0 = Debug|Any CPU
		{B9F65F16-FD18-4358-8A42-AE67A0F1565D}.Release|Any CPU.ActiveCfg = Release|Any CPU
		{B9F65F16-FD18-4358-8A42-AE67A0F1565D}.Release|Any CPU.Build.0 = Release|Any CPU
		{05EAB1DD-B5A8-40FC-8FAC-8E0B09D110B9}.Debug|Any CPU.ActiveCfg = Debug|Any CPU
		{05EAB1DD-B5A8-40FC-8FAC-8E0B09D110B9}.Debug|Any CPU.Build.0 = Debug|Any CPU
		{05EAB1DD-B5A8-40FC-8FAC-8E0B09D110B9}.Release|Any CPU.ActiveCfg = Release|Any CPU
		{05EAB1DD-B5A8-40FC-8FAC-8E0B09D110B9}.Release|Any CPU.Build.0 = Release|Any CPU
		{44896D1E-D824-4C59-9A54-5E1987632F40}.Debug|Any CPU.ActiveCfg = Debug|Any CPU
		{44896D1E-D824-4C59-9A54-5E1987632F40}.Debug|Any CPU.Build.0 = Debug|Any CPU
		{44896D1E-D824-4C59-9A54-5E1987632F40}.Release|Any CPU.ActiveCfg = Release|Any CPU
		{44896D1E-D824-4C59-9A54-5E1987632F40}.Release|Any CPU.Build.0 = Release|Any CPU
		{BD4B158F-3AC9-4814-B351-B83B7EBD5724}.Debug|Any CPU.ActiveCfg = Debug|Any CPU
		{BD4B158F-3AC9-4814-B351-B83B7EBD5724}.Debug|Any CPU.Build.0 = Debug|Any CPU
		{BD4B158F-3AC9-4814-B351-B83B7EBD5724}.Release|Any CPU.ActiveCfg = Release|Any CPU
		{BD4B158F-3AC9-4814-B351-B83B7EBD5724}.Release|Any CPU.Build.0 = Release|Any CPU
		{14082344-91D6-4DBF-A8B9-471B9BE13E1F}.Debug|Any CPU.ActiveCfg = Debug|Any CPU
		{14082344-91D6-4DBF-A8B9-471B9BE13E1F}.Debug|Any CPU.Build.0 = Debug|Any CPU
		{14082344-91D6-4DBF-A8B9-471B9BE13E1F}.Release|Any CPU.ActiveCfg = Release|Any CPU
		{14082344-91D6-4DBF-A8B9-471B9BE13E1F}.Release|Any CPU.Build.0 = Release|Any CPU
		{35C932DE-C1BA-4995-AC01-DE269A119A10}.Debug|Any CPU.ActiveCfg = Debug|Any CPU
		{35C932DE-C1BA-4995-AC01-DE269A119A10}.Debug|Any CPU.Build.0 = Debug|Any CPU
		{35C932DE-C1BA-4995-AC01-DE269A119A10}.Release|Any CPU.ActiveCfg = Release|Any CPU
		{35C932DE-C1BA-4995-AC01-DE269A119A10}.Release|Any CPU.Build.0 = Release|Any CPU
		{B26504DC-97D4-468D-BABE-98BEC7D43E6A}.Debug|Any CPU.ActiveCfg = Debug|Any CPU
		{B26504DC-97D4-468D-BABE-98BEC7D43E6A}.Debug|Any CPU.Build.0 = Debug|Any CPU
		{B26504DC-97D4-468D-BABE-98BEC7D43E6A}.Release|Any CPU.ActiveCfg = Release|Any CPU
		{B26504DC-97D4-468D-BABE-98BEC7D43E6A}.Release|Any CPU.Build.0 = Release|Any CPU
	EndGlobalSection
	GlobalSection(SolutionProperties) = preSolution
		HideSolutionNode = FALSE
	EndGlobalSection
	GlobalSection(ExtensibilityGlobals) = postSolution
		SolutionGuid = {0F3F819E-0CBB-4B4D-BD68-52DC5AD86B16}
	EndGlobalSection
EndGlobal
