
Microsoft Visual Studio Solution File, Format Version 12.00
# Visual Studio Version 17
VisualStudioVersion = 17.6.33723.286
MinimumVisualStudioVersion = 10.0.40219.1
Project("{9A19103F-16F7-4668-BE54-9A1E7A4F7556}") = "Classe_E_Objeto", "Classe_E_Objeto\Classe_E_Objeto.csproj", "{5078116A-5014-4355-9AE0-64895BD8E6FD}"
EndProject
Project("{9A19103F-16F7-4668-BE54-9A1E7A4F7556}") = "Alocacao_de_Memoria", "Alocacao_de_Memoria\Alocacao_de_Memoria.csproj", "{C2741A2A-8D24-41B7-A7A3-B6E8D5C58F92}"
EndProject
Project("{9A19103F-16F7-4668-BE54-9A1E7A4F7556}") = "Objeto", "Objeto\Objeto.csproj", "{C800B18F-408A-43EC-93A4-7B54A150E4FF}"
EndProject
Project("{FAE04EC0-301F-11D3-BF4B-00C04F79EFBC}") = "Metodos", "Metodos\Metodos.csproj", "{9E4C4E6C-1E28-41B3-AA6D-27EA88DC6BDC}"
EndProject
Project("{FAE04EC0-301F-11D3-BF4B-00C04F79EFBC}") = "Metodos_Com_Parametros", "Metodos_Com_Parametros\Metodos_Com_Parametros.csproj", "{AE062B64-A305-4977-A1DA-1ABEC9EEE9FD}"
EndProject
Project("{FAE04EC0-301F-11D3-BF4B-00C04F79EFBC}") = "Passando_Parametros", "Passando_Parametros\Passando_Parametros.csproj", "{FB1274DF-A0DC-4DF3-9311-CDE3BA4F9FDD}"
EndProject
Project("{FAE04EC0-301F-11D3-BF4B-00C04F79EFBC}") = "Construtor_01", "Construtores\Construtor_01.csproj", "{81CCD2ED-350B-4904-89ED-7160BE5F12A7}"
EndProject
Project("{FAE04EC0-301F-11D3-BF4B-00C04F79EFBC}") = "Construtor_02", "Construtor_02\Construtor_02.csproj", "{364A7CED-C638-47B6-9CD9-BBA8CD2C4199}"
EndProject
Project("{FAE04EC0-301F-11D3-BF4B-00C04F79EFBC}") = "Palavra_this_01", "Palavra_this\Palavra_this_01.csproj", "{D83D7288-A873-480E-8173-219A350C2E0F}"
EndProject
Project("{FAE04EC0-301F-11D3-BF4B-00C04F79EFBC}") = "Palavra_this_02", "Palavra_this_02\Palavra_this_02.csproj", "{2CCE2013-B6E8-4607-BEFB-8F6DC9DA599A}"
EndProject
Global
	GlobalSection(SolutionConfigurationPlatforms) = preSolution
		Debug|Any CPU = Debug|Any CPU
		Release|Any CPU = Release|Any CPU
	EndGlobalSection
	GlobalSection(ProjectConfigurationPlatforms) = postSolution
		{5078116A-5014-4355-9AE0-64895BD8E6FD}.Debug|Any CPU.ActiveCfg = Debug|Any CPU
		{5078116A-5014-4355-9AE0-64895BD8E6FD}.Debug|Any CPU.Build.0 = Debug|Any CPU
		{5078116A-5014-4355-9AE0-64895BD8E6FD}.Release|Any CPU.ActiveCfg = Release|Any CPU
		{5078116A-5014-4355-9AE0-64895BD8E6FD}.Release|Any CPU.Build.0 = Release|Any CPU
		{C2741A2A-8D24-41B7-A7A3-B6E8D5C58F92}.Debug|Any CPU.ActiveCfg = Debug|Any CPU
		{C2741A2A-8D24-41B7-A7A3-B6E8D5C58F92}.Debug|Any CPU.Build.0 = Debug|Any CPU
		{C2741A2A-8D24-41B7-A7A3-B6E8D5C58F92}.Release|Any CPU.ActiveCfg = Release|Any CPU
		{C2741A2A-8D24-41B7-A7A3-B6E8D5C58F92}.Release|Any CPU.Build.0 = Release|Any CPU
		{C800B18F-408A-43EC-93A4-7B54A150E4FF}.Debug|Any CPU.ActiveCfg = Debug|Any CPU
		{C800B18F-408A-43EC-93A4-7B54A150E4FF}.Debug|Any CPU.Build.0 = Debug|Any CPU
		{C800B18F-408A-43EC-93A4-7B54A150E4FF}.Release|Any CPU.ActiveCfg = Release|Any CPU
		{C800B18F-408A-43EC-93A4-7B54A150E4FF}.Release|Any CPU.Build.0 = Release|Any CPU
		{9E4C4E6C-1E28-41B3-AA6D-27EA88DC6BDC}.Debug|Any CPU.ActiveCfg = Debug|Any CPU
		{9E4C4E6C-1E28-41B3-AA6D-27EA88DC6BDC}.Debug|Any CPU.Build.0 = Debug|Any CPU
		{9E4C4E6C-1E28-41B3-AA6D-27EA88DC6BDC}.Release|Any CPU.ActiveCfg = Release|Any CPU
		{9E4C4E6C-1E28-41B3-AA6D-27EA88DC6BDC}.Release|Any CPU.Build.0 = Release|Any CPU
		{AE062B64-A305-4977-A1DA-1ABEC9EEE9FD}.Debug|Any CPU.ActiveCfg = Debug|Any CPU
		{AE062B64-A305-4977-A1DA-1ABEC9EEE9FD}.Debug|Any CPU.Build.0 = Debug|Any CPU
		{AE062B64-A305-4977-A1DA-1ABEC9EEE9FD}.Release|Any CPU.ActiveCfg = Release|Any CPU
		{AE062B64-A305-4977-A1DA-1ABEC9EEE9FD}.Release|Any CPU.Build.0 = Release|Any CPU
		{FB1274DF-A0DC-4DF3-9311-CDE3BA4F9FDD}.Debug|Any CPU.ActiveCfg = Debug|Any CPU
		{FB1274DF-A0DC-4DF3-9311-CDE3BA4F9FDD}.Debug|Any CPU.Build.0 = Debug|Any CPU
		{FB1274DF-A0DC-4DF3-9311-CDE3BA4F9FDD}.Release|Any CPU.ActiveCfg = Release|Any CPU
		{FB1274DF-A0DC-4DF3-9311-CDE3BA4F9FDD}.Release|Any CPU.Build.0 = Release|Any CPU
		{81CCD2ED-350B-4904-89ED-7160BE5F12A7}.Debug|Any CPU.ActiveCfg = Debug|Any CPU
		{81CCD2ED-350B-4904-89ED-7160BE5F12A7}.Debug|Any CPU.Build.0 = Debug|Any CPU
		{81CCD2ED-350B-4904-89ED-7160BE5F12A7}.Release|Any CPU.ActiveCfg = Release|Any CPU
		{81CCD2ED-350B-4904-89ED-7160BE5F12A7}.Release|Any CPU.Build.0 = Release|Any CPU
		{364A7CED-C638-47B6-9CD9-BBA8CD2C4199}.Debug|Any CPU.ActiveCfg = Debug|Any CPU
		{364A7CED-C638-47B6-9CD9-BBA8CD2C4199}.Debug|Any CPU.Build.0 = Debug|Any CPU
		{364A7CED-C638-47B6-9CD9-BBA8CD2C4199}.Release|Any CPU.ActiveCfg = Release|Any CPU
		{364A7CED-C638-47B6-9CD9-BBA8CD2C4199}.Release|Any CPU.Build.0 = Release|Any CPU
		{D83D7288-A873-480E-8173-219A350C2E0F}.Debug|Any CPU.ActiveCfg = Debug|Any CPU
		{D83D7288-A873-480E-8173-219A350C2E0F}.Debug|Any CPU.Build.0 = Debug|Any CPU
		{D83D7288-A873-480E-8173-219A350C2E0F}.Release|Any CPU.ActiveCfg = Release|Any CPU
		{D83D7288-A873-480E-8173-219A350C2E0F}.Release|Any CPU.Build.0 = Release|Any CPU
		{2CCE2013-B6E8-4607-BEFB-8F6DC9DA599A}.Debug|Any CPU.ActiveCfg = Debug|Any CPU
		{2CCE2013-B6E8-4607-BEFB-8F6DC9DA599A}.Debug|Any CPU.Build.0 = Debug|Any CPU
		{2CCE2013-B6E8-4607-BEFB-8F6DC9DA599A}.Release|Any CPU.ActiveCfg = Release|Any CPU
		{2CCE2013-B6E8-4607-BEFB-8F6DC9DA599A}.Release|Any CPU.Build.0 = Release|Any CPU
	EndGlobalSection
	GlobalSection(SolutionProperties) = preSolution
		HideSolutionNode = FALSE
	EndGlobalSection
	GlobalSection(ExtensibilityGlobals) = postSolution
		SolutionGuid = {0F3F819E-0CBB-4B4D-BD68-52DC5AD86B16}
	EndGlobalSection
EndGlobal
