
Microsoft Visual Studio Solution File, Format Version 12.00
# Visual Studio Version 17
VisualStudioVersion = 17.6.33723.286
MinimumVisualStudioVersion = 10.0.40219.1
Project("{9A19103F-16F7-4668-BE54-9A1E7A4F7556}") = "If", "If\If.csproj", "{CB269B5D-8E20-43B7-B36C-D3229A5A5D18}"
EndProject
Project("{9A19103F-16F7-4668-BE54-9A1E7A4F7556}") = "If-Else", "If-Else\If-Else.csproj", "{D79A452D-FD9B-4A98-822B-39CEF3763475}"
EndProject
Project("{9A19103F-16F7-4668-BE54-9A1E7A4F7556}") = "If-Else-If", "If-Else-If\If-Else-If.csproj", "{66B32D26-342C-4A33-B510-C9F2E6087CEE}"
EndProject
Project("{9A19103F-16F7-4668-BE54-9A1E7A4F7556}") = "Switch01", "Switch01\Switch01.csproj", "{BF69A8EA-A8B8-49CC-B0E3-68ED4D68FD8A}"
EndProject
Project("{9A19103F-16F7-4668-BE54-9A1E7A4F7556}") = "Switch02", "Switch02\Switch02.csproj", "{792B7490-4768-4EB5-A372-F7469B04D86B}"
EndProject
Project("{9A19103F-16F7-4668-BE54-9A1E7A4F7556}") = "EstruturaDeRepeticao", "EstruturaDeRepeticao\EstruturaDeRepeticao.csproj", "{43474780-D86D-476A-BFAC-781040F0C747}"
EndProject
Project("{9A19103F-16F7-4668-BE54-9A1E7A4F7556}") = "While_01", "While_01\While_01.csproj", "{5CDD8234-AC35-4080-9665-C4F5DBD9DDB6}"
EndProject
Project("{9A19103F-16F7-4668-BE54-9A1E7A4F7556}") = "While_02", "While_02\While_02.csproj", "{F643887E-8461-4CF0-8097-56071FC49271}"
EndProject
Project("{9A19103F-16F7-4668-BE54-9A1E7A4F7556}") = "While_03", "While_03\While_03.csproj", "{A6566E20-0602-4F3E-A615-FBAF1EE7C7E4}"
EndProject
Project("{9A19103F-16F7-4668-BE54-9A1E7A4F7556}") = "Do-While", "Do-While\Do-While.csproj", "{CE0AD340-E985-417D-BACD-A7F2AB32435A}"
EndProject
Project("{9A19103F-16F7-4668-BE54-9A1E7A4F7556}") = "Do-While-Aninhado", "Do-While-Aninhado\Do-While-Aninhado.csproj", "{0012F814-5BF9-4476-9BC3-EE219C17CA45}"
EndProject
Project("{FAE04EC0-301F-11D3-BF4B-00C04F79EFBC}") = "For", "For\For.csproj", "{5E8CE60E-A500-440E-A3CD-E0ABBAD005E2}"
EndProject
Global
	GlobalSection(SolutionConfigurationPlatforms) = preSolution
		Debug|Any CPU = Debug|Any CPU
		Release|Any CPU = Release|Any CPU
	EndGlobalSection
	GlobalSection(ProjectConfigurationPlatforms) = postSolution
		{CB269B5D-8E20-43B7-B36C-D3229A5A5D18}.Debug|Any CPU.ActiveCfg = Debug|Any CPU
		{CB269B5D-8E20-43B7-B36C-D3229A5A5D18}.Debug|Any CPU.Build.0 = Debug|Any CPU
		{CB269B5D-8E20-43B7-B36C-D3229A5A5D18}.Release|Any CPU.ActiveCfg = Release|Any CPU
		{CB269B5D-8E20-43B7-B36C-D3229A5A5D18}.Release|Any CPU.Build.0 = Release|Any CPU
		{D79A452D-FD9B-4A98-822B-39CEF3763475}.Debug|Any CPU.ActiveCfg = Debug|Any CPU
		{D79A452D-FD9B-4A98-822B-39CEF3763475}.Debug|Any CPU.Build.0 = Debug|Any CPU
		{D79A452D-FD9B-4A98-822B-39CEF3763475}.Release|Any CPU.ActiveCfg = Release|Any CPU
		{D79A452D-FD9B-4A98-822B-39CEF3763475}.Release|Any CPU.Build.0 = Release|Any CPU
		{66B32D26-342C-4A33-B510-C9F2E6087CEE}.Debug|Any CPU.ActiveCfg = Debug|Any CPU
		{66B32D26-342C-4A33-B510-C9F2E6087CEE}.Debug|Any CPU.Build.0 = Debug|Any CPU
		{66B32D26-342C-4A33-B510-C9F2E6087CEE}.Release|Any CPU.ActiveCfg = Release|Any CPU
		{66B32D26-342C-4A33-B510-C9F2E6087CEE}.Release|Any CPU.Build.0 = Release|Any CPU
		{BF69A8EA-A8B8-49CC-B0E3-68ED4D68FD8A}.Debug|Any CPU.ActiveCfg = Debug|Any CPU
		{BF69A8EA-A8B8-49CC-B0E3-68ED4D68FD8A}.Debug|Any CPU.Build.0 = Debug|Any CPU
		{BF69A8EA-A8B8-49CC-B0E3-68ED4D68FD8A}.Release|Any CPU.ActiveCfg = Release|Any CPU
		{BF69A8EA-A8B8-49CC-B0E3-68ED4D68FD8A}.Release|Any CPU.Build.0 = Release|Any CPU
		{792B7490-4768-4EB5-A372-F7469B04D86B}.Debug|Any CPU.ActiveCfg = Debug|Any CPU
		{792B7490-4768-4EB5-A372-F7469B04D86B}.Debug|Any CPU.Build.0 = Debug|Any CPU
		{792B7490-4768-4EB5-A372-F7469B04D86B}.Release|Any CPU.ActiveCfg = Release|Any CPU
		{792B7490-4768-4EB5-A372-F7469B04D86B}.Release|Any CPU.Build.0 = Release|Any CPU
		{43474780-D86D-476A-BFAC-781040F0C747}.Debug|Any CPU.ActiveCfg = Debug|Any CPU
		{43474780-D86D-476A-BFAC-781040F0C747}.Debug|Any CPU.Build.0 = Debug|Any CPU
		{43474780-D86D-476A-BFAC-781040F0C747}.Release|Any CPU.ActiveCfg = Release|Any CPU
		{43474780-D86D-476A-BFAC-781040F0C747}.Release|Any CPU.Build.0 = Release|Any CPU
		{5CDD8234-AC35-4080-9665-C4F5DBD9DDB6}.Debug|Any CPU.ActiveCfg = Debug|Any CPU
		{5CDD8234-AC35-4080-9665-C4F5DBD9DDB6}.Debug|Any CPU.Build.0 = Debug|Any CPU
		{5CDD8234-AC35-4080-9665-C4F5DBD9DDB6}.Release|Any CPU.ActiveCfg = Release|Any CPU
		{5CDD8234-AC35-4080-9665-C4F5DBD9DDB6}.Release|Any CPU.Build.0 = Release|Any CPU
		{F643887E-8461-4CF0-8097-56071FC49271}.Debug|Any CPU.ActiveCfg = Debug|Any CPU
		{F643887E-8461-4CF0-8097-56071FC49271}.Debug|Any CPU.Build.0 = Debug|Any CPU
		{F643887E-8461-4CF0-8097-56071FC49271}.Release|Any CPU.ActiveCfg = Release|Any CPU
		{F643887E-8461-4CF0-8097-56071FC49271}.Release|Any CPU.Build.0 = Release|Any CPU
		{A6566E20-0602-4F3E-A615-FBAF1EE7C7E4}.Debug|Any CPU.ActiveCfg = Debug|Any CPU
		{A6566E20-0602-4F3E-A615-FBAF1EE7C7E4}.Debug|Any CPU.Build.0 = Debug|Any CPU
		{A6566E20-0602-4F3E-A615-FBAF1EE7C7E4}.Release|Any CPU.ActiveCfg = Release|Any CPU
		{A6566E20-0602-4F3E-A615-FBAF1EE7C7E4}.Release|Any CPU.Build.0 = Release|Any CPU
		{CE0AD340-E985-417D-BACD-A7F2AB32435A}.Debug|Any CPU.ActiveCfg = Debug|Any CPU
		{CE0AD340-E985-417D-BACD-A7F2AB32435A}.Debug|Any CPU.Build.0 = Debug|Any CPU
		{CE0AD340-E985-417D-BACD-A7F2AB32435A}.Release|Any CPU.ActiveCfg = Release|Any CPU
		{CE0AD340-E985-417D-BACD-A7F2AB32435A}.Release|Any CPU.Build.0 = Release|Any CPU
		{0012F814-5BF9-4476-9BC3-EE219C17CA45}.Debug|Any CPU.ActiveCfg = Debug|Any CPU
		{0012F814-5BF9-4476-9BC3-EE219C17CA45}.Debug|Any CPU.Build.0 = Debug|Any CPU
		{0012F814-5BF9-4476-9BC3-EE219C17CA45}.Release|Any CPU.ActiveCfg = Release|Any CPU
		{0012F814-5BF9-4476-9BC3-EE219C17CA45}.Release|Any CPU.Build.0 = Release|Any CPU
		{5E8CE60E-A500-440E-A3CD-E0ABBAD005E2}.Debug|Any CPU.ActiveCfg = Debug|Any CPU
		{5E8CE60E-A500-440E-A3CD-E0ABBAD005E2}.Debug|Any CPU.Build.0 = Debug|Any CPU
		{5E8CE60E-A500-440E-A3CD-E0ABBAD005E2}.Release|Any CPU.ActiveCfg = Release|Any CPU
		{5E8CE60E-A500-440E-A3CD-E0ABBAD005E2}.Release|Any CPU.Build.0 = Release|Any CPU
	EndGlobalSection
	GlobalSection(SolutionProperties) = preSolution
		HideSolutionNode = FALSE
	EndGlobalSection
	GlobalSection(ExtensibilityGlobals) = postSolution
		SolutionGuid = {0D484005-6217-448D-90BC-87667F09D264}
	EndGlobalSection
EndGlobal
